// !$*UTF8*$!
{
	archiveVersion = 1;
	classes = {
	};
	objectVersion = 77;
	objects = {
		AF278D7F7927A581FE6FFF2F = {isa = PBXFileReference; explicitFileType = wrapper.application; name = "Glance.app"; path = "Glance.app"; sourceTree = "<group>"; };
		17414BE8C080C48E8911F337 = {isa = PBXFileReference; explicitFileType = wrapper.cfbundle; name = "GlanceTests.xctest"; path = "GlanceTests.xctest"; sourceTree = "<group>"; };
		D8BA1856748C178C982EF498 = {isa = PBXFileReference; explicitFileType = wrapper.cfbundle; name = "GlanceUITests.xctest"; path = "GlanceUITests.xctest"; sourceTree = "<group>"; };
		5B1A97E375C78BC3606EEE24 = {isa = PBXFileReference; explicitFileType = text.plist.xml; name = "Info.plist"; path = "Info.plist"; sourceTree = "<group>"; };
		FE51DADF51E57ECD0B40BE8F = {isa = PBXFileReference; explicitFileType = folder.assetcatalog; name = "Glance.xcassets"; path = "Glance.xcassets"; sourceTree = "<group>"; };
		E5C520B3259951583C6815C6 = {isa = PBXFileReference; explicitFileType = sourcecode.swift; name = "GlanceApp.swift"; path = "GlanceApp.swift"; sourceTree = "<group>"; };
		AD625D7030DB8620C6D1D522 = {isa = PBXFileReference; explicitFileType = sourcecode.swift; name = "AppState.swift"; path = "AppState.swift"; sourceTree = "<group>"; };
		AD92B9173DCB62561A3E085A = {isa = PBXFileReference; explicitFileType = sourcecode.swift; name = "ContentView.swift"; path = "ContentView.swift"; sourceTree = "<group>"; };
		4F3610F406F35B78849DB8D2 = {isa = PBXFileReference; explicitFileType = sourcecode.swift; name = "CacheEnvelope.swift"; path = "CacheEnvelope.swift"; sourceTree = "<group>"; };
		2FCCD985E015E21DCCED8520 = {isa = PBXFileReference; explicitFileType = sourcecode.swift; name = "CacheStore.swift"; path = "CacheStore.swift"; sourceTree = "<group>"; };
		5499D323A95C9D573A14BDD5 = {isa = PBXFileReference; explicitFileType = sourcecode.swift; name = "KeychainStore.swift"; path = "KeychainStore.swift"; sourceTree = "<group>"; };
		032774EA8666009381F3C760 = {isa = PBXFileReference; explicitFileType = sourcecode.swift; name = "ExaClient.swift"; path = "ExaClient.swift"; sourceTree = "<group>"; };
		8432ADC86D8071C0A729DC28 = {isa = PBXFileReference; explicitFileType = sourcecode.swift; name = "GeminiClient.swift"; path = "GeminiClient.swift"; sourceTree = "<group>"; };
		76BA268209C52E00B0FB8062 = {isa = PBXFileReference; explicitFileType = sourcecode.swift; name = "GitHubClient.swift"; path = "GitHubClient.swift"; sourceTree = "<group>"; };
		7AC5FEA17B8577E4EB10A0AB = {isa = PBXFileReference; explicitFileType = sourcecode.swift; name = "ScrapedDuckClient.swift"; path = "ScrapedDuckClient.swift"; sourceTree = "<group>"; };
		761E28609E32E6E33EB2DC21 = {isa = PBXFileReference; explicitFileType = sourcecode.swift; name = "ManagingMadridClient.swift"; path = "ManagingMadridClient.swift"; sourceTree = "<group>"; };
		0C95DCBE3D848BDB6C254116 = {isa = PBXFileReference; explicitFileType = sourcecode.swift; name = "Models.swift"; path = "Models.swift"; sourceTree = "<group>"; };
		85F33B9C1FEF06261744DCCB = {isa = PBXFileReference; explicitFileType = sourcecode.swift; name = "FoundationModelsClient.swift"; path = "FoundationModelsClient.swift"; sourceTree = "<group>"; };
		17C08A5A5D210A84D8CB68D9 = {isa = PBXFileReference; explicitFileType = sourcecode.swift; name = "IntelligenceRouter.swift"; path = "IntelligenceRouter.swift"; sourceTree = "<group>"; };
		CF0F51D16A6D39FCFAB1EE51 = {isa = PBXFileReference; explicitFileType = sourcecode.swift; name = "TimeFormat.swift"; path = "TimeFormat.swift"; sourceTree = "<group>"; };
		4A8617B19B519759B66A9C73 = {isa = PBXFileReference; explicitFileType = sourcecode.swift; name = "PulseView.swift"; path = "PulseView.swift"; sourceTree = "<group>"; };
		06B010D9C40163AF882E9554 = {isa = PBXFileReference; explicitFileType = sourcecode.swift; name = "PulseStore.swift"; path = "PulseStore.swift"; sourceTree = "<group>"; };
		C1BCC33D8717BCEE296C1A85 = {isa = PBXFileReference; explicitFileType = sourcecode.swift; name = "GlanceCardView.swift"; path = "GlanceCardView.swift"; sourceTree = "<group>"; };
		62BB524E1F13B6631643F30B = {isa = PBXFileReference; explicitFileType = sourcecode.swift; name = "MadridModels.swift"; path = "MadridModels.swift"; sourceTree = "<group>"; };
		5A10FE6B7E1FDE2C3E5270AC = {isa = PBXFileReference; explicitFileType = sourcecode.swift; name = "MadridPipeline.swift"; path = "MadridPipeline.swift"; sourceTree = "<group>"; };
		325CB57B76E82C3934F41946 = {isa = PBXFileReference; explicitFileType = sourcecode.swift; name = "MadridHubView.swift"; path = "MadridHubView.swift"; sourceTree = "<group>"; };
		624222E9906AED3B3050FE4D = {isa = PBXFileReference; explicitFileType = sourcecode.swift; name = "MadridArticleView.swift"; path = "MadridArticleView.swift"; sourceTree = "<group>"; };
		800D95490C31BEF2C11D06B1 = {isa = PBXFileReference; explicitFileType = sourcecode.swift; name = "PoGoModels.swift"; path = "PoGoModels.swift"; sourceTree = "<group>"; };
		D5618ACB47108C5ECE2A1DF1 = {isa = PBXFileReference; explicitFileType = sourcecode.swift; name = "PoGoPipeline.swift"; path = "PoGoPipeline.swift"; sourceTree = "<group>"; };
		44568B552442758133DEF919 = {isa = PBXFileReference; explicitFileType = sourcecode.swift; name = "PoGoHubView.swift"; path = "PoGoHubView.swift"; sourceTree = "<group>"; };
		D5B2447E97774943AE055B07 = {isa = PBXFileReference; explicitFileType = sourcecode.swift; name = "RaidDetailView.swift"; path = "RaidDetailView.swift"; sourceTree = "<group>"; };
		274E1FF781DE1E99CE883CB1 = {isa = PBXFileReference; explicitFileType = sourcecode.swift; name = "EventDetailView.swift"; path = "EventDetailView.swift"; sourceTree = "<group>"; };
		A6263EFE1565E274CD9BBE16 = {isa = PBXFileReference; explicitFileType = sourcecode.swift; name = "GitHubModels.swift"; path = "GitHubModels.swift"; sourceTree = "<group>"; };
		F0862D2780839821BE7EB6B1 = {isa = PBXFileReference; explicitFileType = sourcecode.swift; name = "GitHubPipeline.swift"; path = "GitHubPipeline.swift"; sourceTree = "<group>"; };
		B92DC84F647A42D0148EDD88 = {isa = PBXFileReference; explicitFileType = sourcecode.swift; name = "GitHubHubView.swift"; path = "GitHubHubView.swift"; sourceTree = "<group>"; };
		864D49570619C81F73AAA049 = {isa = PBXFileReference; explicitFileType = sourcecode.swift; name = "RepoDetailView.swift"; path = "RepoDetailView.swift"; sourceTree = "<group>"; };
		AEA5067D2AF7AAD2149798EB = {isa = PBXFileReference; explicitFileType = sourcecode.swift; name = "AiIntelModels.swift"; path = "AiIntelModels.swift"; sourceTree = "<group>"; };
		B7282ABAAB95A19566D2F48E = {isa = PBXFileReference; explicitFileType = sourcecode.swift; name = "AiIntelPipeline.swift"; path = "AiIntelPipeline.swift"; sourceTree = "<group>"; };
		E0C5CA83E8935D20AEB0F7FD = {isa = PBXFileReference; explicitFileType = sourcecode.swift; name = "AiIntelArticleView.swift"; path = "AiIntelArticleView.swift"; sourceTree = "<group>"; };
		7D29FA2484914D1C92BFEFEE = {isa = PBXFileReference; explicitFileType = sourcecode.swift; name = "SettingsStore.swift"; path = "SettingsStore.swift"; sourceTree = "<group>"; };
		0DDB5287486413A1BC7A95B1 = {isa = PBXFileReference; explicitFileType = sourcecode.swift; name = "SettingsView.swift"; path = "SettingsView.swift"; sourceTree = "<group>"; };
		3D44183E20A98B8B4BB01FE8 = {isa = PBXFileReference; explicitFileType = sourcecode.swift; name = "SourcesView.swift"; path = "SourcesView.swift"; sourceTree = "<group>"; };
		954888EEB9FC4A982A823CBE = {isa = PBXFileReference; explicitFileType = sourcecode.swift; name = "Theme.swift"; path = "Theme.swift"; sourceTree = "<group>"; };
		33B8021DC59DAC0AAA0673BE = {isa = PBXFileReference; explicitFileType = sourcecode.swift; name = "GlanceBadge.swift"; path = "GlanceBadge.swift"; sourceTree = "<group>"; };
		F457B157FC966D801CD62CE1 = {isa = PBXFileReference; explicitFileType = sourcecode.swift; name = "SkeletonView.swift"; path = "SkeletonView.swift"; sourceTree = "<group>"; };
		BE285836ED3E944296D83FED = {isa = PBXFileReference; explicitFileType = sourcecode.swift; name = "PulseDot.swift"; path = "PulseDot.swift"; sourceTree = "<group>"; };
		7858C0D91F95952753F08721 = {isa = PBXFileReference; explicitFileType = sourcecode.swift; name = "Enums.swift"; path = "Enums.swift"; sourceTree = "<group>"; };
		3C81652325E4B949DE4B4E01 = {isa = PBXFileReference; explicitFileType = sourcecode.swift; name = "Extensions.swift"; path = "Extensions.swift"; sourceTree = "<group>"; };
		61CCC1E587C8D063447BE25C = {isa = PBXFileReference; explicitFileType = sourcecode.swift; name = "MadridPipelineTests.swift"; path = "MadridPipelineTests.swift"; sourceTree = "<group>"; };
		B5FB95C1730B6F97CC7F7701 = {isa = PBXFileReference; explicitFileType = sourcecode.swift; name = "PoGoPipelineTests.swift"; path = "PoGoPipelineTests.swift"; sourceTree = "<group>"; };
		453DA7F3953B22719544D662 = {isa = PBXFileReference; explicitFileType = sourcecode.swift; name = "GitHubPipelineTests.swift"; path = "GitHubPipelineTests.swift"; sourceTree = "<group>"; };
		0F593ABD57B9765563B01BFF = {isa = PBXFileReference; explicitFileType = sourcecode.swift; name = "AiIntelPipelineTests.swift"; path = "AiIntelPipelineTests.swift"; sourceTree = "<group>"; };
		F65672F62EC7DA587E61CBB6 = {isa = PBXFileReference; explicitFileType = sourcecode.swift; name = "CacheStoreTests.swift"; path = "CacheStoreTests.swift"; sourceTree = "<group>"; };
		F2AC54314574769AC551ABBC = {isa = PBXFileReference; explicitFileType = sourcecode.swift; name = "KeychainStoreTests.swift"; path = "KeychainStoreTests.swift"; sourceTree = "<group>"; };
		F2C9DD56660DF3077E99A52C = {isa = PBXFileReference; explicitFileType = sourcecode.swift; name = "TimeFormatTests.swift"; path = "TimeFormatTests.swift"; sourceTree = "<group>"; };
		4D08A0A13CBECC1A43D3DD97 = {isa = PBXFileReference; explicitFileType = sourcecode.swift; name = "PulseFlowUITests.swift"; path = "PulseFlowUITests.swift"; sourceTree = "<group>"; };
		10BA754B5EC93CFFE1B72319 = {isa = PBXFileReference; explicitFileType = sourcecode.swift; name = "SourcesFlowUITests.swift"; path = "SourcesFlowUITests.swift"; sourceTree = "<group>"; };
		B7ABFE1A44714303D7726BAE = {isa = PBXFileReference; explicitFileType = file; name = "Manrope-Regular.ttf"; path = "Manrope-Regular.ttf"; sourceTree = "<group>"; };
		196E1870C937695D6A927719 = {isa = PBXFileReference; explicitFileType = file; name = "Manrope-SemiBold.ttf"; path = "Manrope-SemiBold.ttf"; sourceTree = "<group>"; };
		D53DE0F725178C0F69136715 = {isa = PBXFileReference; explicitFileType = file; name = "Manrope-Bold.ttf"; path = "Manrope-Bold.ttf"; sourceTree = "<group>"; };
		4C6526E7C8F6E1FEA834BD90 = {isa = PBXFileReference; explicitFileType = file; name = "Manrope-ExtraBold.ttf"; path = "Manrope-ExtraBold.ttf"; sourceTree = "<group>"; };
		75197729187B4AE302A61239 = {isa = PBXFileReference; explicitFileType = file; name = "HankenGrotesk-Regular.ttf"; path = "HankenGrotesk-Regular.ttf"; sourceTree = "<group>"; };
		0062F9E61C96E727A4D59E9C = {isa = PBXFileReference; explicitFileType = file; name = "HankenGrotesk-SemiBold.ttf"; path = "HankenGrotesk-SemiBold.ttf"; sourceTree = "<group>"; };
		2701DBE7D4E0F8FCE87C65C8 = {isa = PBXFileReference; explicitFileType = file; name = "HankenGrotesk-Bold.ttf"; path = "HankenGrotesk-Bold.ttf"; sourceTree = "<group>"; };
		73FCEFE840005BDAE6E9BFDC = {isa = PBXFileReference; explicitFileType = text.json; name = "raids.json"; path = "raids.json"; sourceTree = "<group>"; };
		59C98FF057511D43C9EDD34A = {isa = PBXFileReference; explicitFileType = text.json; name = "events.json"; path = "events.json"; sourceTree = "<group>"; };
		8FE05B7D2F09CD7EFD3A9EE2 = {isa = PBXFileReference; explicitFileType = text.json; name = "madrid-search.json"; path = "madrid-search.json"; sourceTree = "<group>"; };
		15FFE18A5D893CFA93AE65E3 = {isa = PBXFileReference; explicitFileType = text.json; name = "repositories.json"; path = "repositories.json"; sourceTree = "<group>"; };
		2EA56F63353461298074E76E = {isa = PBXBuildFile; fileRef = E5C520B3259951583C6815C6; };
		5185E73DD56F4829173AC42B = {isa = PBXBuildFile; fileRef = AD625D7030DB8620C6D1D522; };
		58B6F4CDB81BADC61AB95F87 = {isa = PBXBuildFile; fileRef = AD92B9173DCB62561A3E085A; };
		95B09C900F96840CD565BDF2 = {isa = PBXBuildFile; fileRef = 4F3610F406F35B78849DB8D2; };
		A96986B8A8C94414ED991F21 = {isa = PBXBuildFile; fileRef = 2FCCD985E015E21DCCED8520; };
		CB04AF25B8072EB1C93103FF = {isa = PBXBuildFile; fileRef = 5499D323A95C9D573A14BDD5; };
		096DB724932563428E9C79B3 = {isa = PBXBuildFile; fileRef = 032774EA8666009381F3C760; };
		E78A461D3A5B0A1F140AF378 = {isa = PBXBuildFile; fileRef = 8432ADC86D8071C0A729DC28; };
		B77B36E6CC1DE6610C3101A3 = {isa = PBXBuildFile; fileRef = 76BA268209C52E00B0FB8062; };
		5BA02C670F37712948EB23B7 = {isa = PBXBuildFile; fileRef = 7AC5FEA17B8577E4EB10A0AB; };
		EC388E6180F7AFEFE7A00C77 = {isa = PBXBuildFile; fileRef = 761E28609E32E6E33EB2DC21; };
		89477086D92D8EA1A76A0BEA = {isa = PBXBuildFile; fileRef = 0C95DCBE3D848BDB6C254116; };
		BC10008C484758547C989AAC = {isa = PBXBuildFile; fileRef = 85F33B9C1FEF06261744DCCB; };
		622E00ADE396D949220F11FB = {isa = PBXBuildFile; fileRef = 17C08A5A5D210A84D8CB68D9; };
		0293474C8BAA89D4AD8F170F = {isa = PBXBuildFile; fileRef = CF0F51D16A6D39FCFAB1EE51; };
		77435D5923D8DE4DD1DFAD14 = {isa = PBXBuildFile; fileRef = 4A8617B19B519759B66A9C73; };
		DBDCE775D51C34FDE0D16C20 = {isa = PBXBuildFile; fileRef = 06B010D9C40163AF882E9554; };
		EDDC18A1BC9900E24D8AD800 = {isa = PBXBuildFile; fileRef = C1BCC33D8717BCEE296C1A85; };
		B3B65B4CB3105DA4D8A53E7B = {isa = PBXBuildFile; fileRef = 62BB524E1F13B6631643F30B; };
		9C8B274933DB7F69389C8C57 = {isa = PBXBuildFile; fileRef = 5A10FE6B7E1FDE2C3E5270AC; };
		FA080D8C8DBEBE1E0F6C6725 = {isa = PBXBuildFile; fileRef = 325CB57B76E82C3934F41946; };
		CA4594EEC28F6837ACDA78F4 = {isa = PBXBuildFile; fileRef = 624222E9906AED3B3050FE4D; };
		19E5B4F68F337ED811CBC50C = {isa = PBXBuildFile; fileRef = 800D95490C31BEF2C11D06B1; };
		E9DC9274D7EF30EAFCE6C500 = {isa = PBXBuildFile; fileRef = D5618ACB47108C5ECE2A1DF1; };
		12E679C512844CB0A323646C = {isa = PBXBuildFile; fileRef = 44568B552442758133DEF919; };
		1B7069441A5336A91CE2B6CD = {isa = PBXBuildFile; fileRef = D5B2447E97774943AE055B07; };
		05D69E71AEAF0796329FCB70 = {isa = PBXBuildFile; fileRef = 274E1FF781DE1E99CE883CB1; };
		C055284524085E1696D9864E = {isa = PBXBuildFile; fileRef = A6263EFE1565E274CD9BBE16; };
		E0ACE6FDC5DBB9DA3A878EF0 = {isa = PBXBuildFile; fileRef = F0862D2780839821BE7EB6B1; };
		FD126FB78D62980E618E9470 = {isa = PBXBuildFile; fileRef = B92DC84F647A42D0148EDD88; };
		FCE22EADB5AD23EA6857653C = {isa = PBXBuildFile; fileRef = 864D49570619C81F73AAA049; };
		7C57C7437D4379800D31724E = {isa = PBXBuildFile; fileRef = AEA5067D2AF7AAD2149798EB; };
		A4BD23CA0E1F654CB69F2637 = {isa = PBXBuildFile; fileRef = B7282ABAAB95A19566D2F48E; };
		F6D002212AC3604CA4A5217C = {isa = PBXBuildFile; fileRef = E0C5CA83E8935D20AEB0F7FD; };
		70C4D04F2D86D901D561200C = {isa = PBXBuildFile; fileRef = 7D29FA2484914D1C92BFEFEE; };
		0DA71C7319CF6FEF3DDAF056 = {isa = PBXBuildFile; fileRef = 0DDB5287486413A1BC7A95B1; };
		45FB5BDD7E141CD05BDE5054 = {isa = PBXBuildFile; fileRef = 3D44183E20A98B8B4BB01FE8; };
		FE86DACADCCAC95C40100576 = {isa = PBXBuildFile; fileRef = 954888EEB9FC4A982A823CBE; };
		F92EC9784909D6464A009A36 = {isa = PBXBuildFile; fileRef = 33B8021DC59DAC0AAA0673BE; };
		E5CB8D9BFF379C4E8765123A = {isa = PBXBuildFile; fileRef = F457B157FC966D801CD62CE1; };
		20C65BD7D4E849F2ABC8E612 = {isa = PBXBuildFile; fileRef = BE285836ED3E944296D83FED; };
		4C5A4447575865357AA90C3A = {isa = PBXBuildFile; fileRef = 7858C0D91F95952753F08721; };
		258D90A7CF4894803C569D75 = {isa = PBXBuildFile; fileRef = 3C81652325E4B949DE4B4E01; };
		0BE13B387270F4520E4FC24E = {isa = PBXBuildFile; fileRef = FE51DADF51E57ECD0B40BE8F; };
		17E43F2670D9DD76CBBE7E74 = {isa = PBXBuildFile; fileRef = B7ABFE1A44714303D7726BAE; };
		2FBA10BD76B3C8E6D5A75FDC = {isa = PBXBuildFile; fileRef = 196E1870C937695D6A927719; };
		C71FD04EB7EE758AF092C4E2 = {isa = PBXBuildFile; fileRef = D53DE0F725178C0F69136715; };
		CBD1DF44CC2583FF724E4AD7 = {isa = PBXBuildFile; fileRef = 4C6526E7C8F6E1FEA834BD90; };
		9279122F2F95E997FB8B8E7D = {isa = PBXBuildFile; fileRef = 75197729187B4AE302A61239; };
		5FD49C9004AF5858C3D6E7D3 = {isa = PBXBuildFile; fileRef = 0062F9E61C96E727A4D59E9C; };
		2804A8BFF0857B24507ACC2A = {isa = PBXBuildFile; fileRef = 2701DBE7D4E0F8FCE87C65C8; };
		1085346A0AD944BC6DFF3E16 = {isa = PBXBuildFile; fileRef = 61CCC1E587C8D063447BE25C; };
		A3999457EEF16025ACBDDBCD = {isa = PBXBuildFile; fileRef = B5FB95C1730B6F97CC7F7701; };
		86F7F32AACE55A180FD274B8 = {isa = PBXBuildFile; fileRef = 453DA7F3953B22719544D662; };
		2C9E99F71912950A86707C2E = {isa = PBXBuildFile; fileRef = 0F593ABD57B9765563B01BFF; };
		47C63C93AFB93383EBBA3EFC = {isa = PBXBuildFile; fileRef = F65672F62EC7DA587E61CBB6; };
		645351B4B35C32E3FE95EF0D = {isa = PBXBuildFile; fileRef = F2AC54314574769AC551ABBC; };
		34012DCF640F1EAC14E3F416 = {isa = PBXBuildFile; fileRef = F2C9DD56660DF3077E99A52C; };
		4480DF96B39661A2011114BD = {isa = PBXBuildFile; fileRef = 73FCEFE840005BDAE6E9BFDC; };
		43420A37FC0A235A69020B85 = {isa = PBXBuildFile; fileRef = 59C98FF057511D43C9EDD34A; };
		C4F7A91DECC1082A7429B83B = {isa = PBXBuildFile; fileRef = 8FE05B7D2F09CD7EFD3A9EE2; };
		DE1BF522CA162C01B5B90EC0 = {isa = PBXBuildFile; fileRef = 15FFE18A5D893CFA93AE65E3; };
		B8255817BAB3D33F952290D9 = {isa = PBXBuildFile; fileRef = 4D08A0A13CBECC1A43D3DD97; };
		4C7EB67886D3ADF0ACBF5FFF = {isa = PBXBuildFile; fileRef = 10BA754B5EC93CFFE1B72319; };
		EBCDFE4FC64A11F71EA4B02E = {isa = PBXSourcesBuildPhase; buildActionMask = 2147483647; files = (2EA56F63353461298074E76E, 5185E73DD56F4829173AC42B, 58B6F4CDB81BADC61AB95F87, 95B09C900F96840CD565BDF2, A96986B8A8C94414ED991F21, CB04AF25B8072EB1C93103FF, 096DB724932563428E9C79B3, E78A461D3A5B0A1F140AF378, B77B36E6CC1DE6610C3101A3, 5BA02C670F37712948EB23B7, EC388E6180F7AFEFE7A00C77, 89477086D92D8EA1A76A0BEA, BC10008C484758547C989AAC, 622E00ADE396D949220F11FB, 0293474C8BAA89D4AD8F170F, 77435D5923D8DE4DD1DFAD14, DBDCE775D51C34FDE0D16C20, EDDC18A1BC9900E24D8AD800, B3B65B4CB3105DA4D8A53E7B, 9C8B274933DB7F69389C8C57, FA080D8C8DBEBE1E0F6C6725, CA4594EEC28F6837ACDA78F4, 19E5B4F68F337ED811CBC50C, E9DC9274D7EF30EAFCE6C500, 12E679C512844CB0A323646C, 1B7069441A5336A91CE2B6CD, 05D69E71AEAF0796329FCB70, C055284524085E1696D9864E, E0ACE6FDC5DBB9DA3A878EF0, FD126FB78D62980E618E9470, FCE22EADB5AD23EA6857653C, 7C57C7437D4379800D31724E, A4BD23CA0E1F654CB69F2637, F6D002212AC3604CA4A5217C, 70C4D04F2D86D901D561200C, 0DA71C7319CF6FEF3DDAF056, 45FB5BDD7E141CD05BDE5054, FE86DACADCCAC95C40100576, F92EC9784909D6464A009A36, E5CB8D9BFF379C4E8765123A, 20C65BD7D4E849F2ABC8E612, 4C5A4447575865357AA90C3A, 258D90A7CF4894803C569D75, ); runOnlyForDeploymentPostprocessing = 0; };
		60DEB2AF91C405F192C9B96D = {isa = PBXFrameworksBuildPhase; buildActionMask = 2147483647; files = (); runOnlyForDeploymentPostprocessing = 0; };
		B93B70209BC7593B52B705B4 = {isa = PBXResourcesBuildPhase; buildActionMask = 2147483647; files = (0BE13B387270F4520E4FC24E, 17E43F2670D9DD76CBBE7E74, 2FBA10BD76B3C8E6D5A75FDC, C71FD04EB7EE758AF092C4E2, CBD1DF44CC2583FF724E4AD7, 9279122F2F95E997FB8B8E7D, 5FD49C9004AF5858C3D6E7D3, 2804A8BFF0857B24507ACC2A, ); runOnlyForDeploymentPostprocessing = 0; };
		15A885ECB27CC8627B5F3B25 = {isa = PBXSourcesBuildPhase; buildActionMask = 2147483647; files = (1085346A0AD944BC6DFF3E16, A3999457EEF16025ACBDDBCD, 86F7F32AACE55A180FD274B8, 2C9E99F71912950A86707C2E, 47C63C93AFB93383EBBA3EFC, 645351B4B35C32E3FE95EF0D, 34012DCF640F1EAC14E3F416, ); runOnlyForDeploymentPostprocessing = 0; };
		4B23EC41686B4143B112090C = {isa = PBXFrameworksBuildPhase; buildActionMask = 2147483647; files = (); runOnlyForDeploymentPostprocessing = 0; };
		2DDA74C5C4CA581C686F8317 = {isa = PBXResourcesBuildPhase; buildActionMask = 2147483647; files = (4480DF96B39661A2011114BD, 43420A37FC0A235A69020B85, C4F7A91DECC1082A7429B83B, DE1BF522CA162C01B5B90EC0, ); runOnlyForDeploymentPostprocessing = 0; };
		3DBB368CD5652076C0E21630 = {isa = PBXSourcesBuildPhase; buildActionMask = 2147483647; files = (B8255817BAB3D33F952290D9, 4C7EB67886D3ADF0ACBF5FFF, ); runOnlyForDeploymentPostprocessing = 0; };
		0471141773EDAF68292C20AF = {isa = PBXFrameworksBuildPhase; buildActionMask = 2147483647; files = (); runOnlyForDeploymentPostprocessing = 0; };
		9EA75E3DAF04AF81F1C9F1CA = {isa = PBXResourcesBuildPhase; buildActionMask = 2147483647; files = (); runOnlyForDeploymentPostprocessing = 0; };
		ACA0AB9FFDCB7057438302EF = {isa = PBXGroup; children = (E5C520B3259951583C6815C6, AD625D7030DB8620C6D1D522, AD92B9173DCB62561A3E085A, ); name = "App"; path = "App"; sourceTree = "<group>"; };
		B295E612DF90E3CB44228365 = {isa = PBXGroup; children = (4F3610F406F35B78849DB8D2, 2FCCD985E015E21DCCED8520, 5499D323A95C9D573A14BDD5, ); name = "Cache"; path = "Cache"; sourceTree = "<group>"; };
		18FEA4FE7CA2EB551AA1EB0B = {isa = PBXGroup; children = (032774EA8666009381F3C760, 8432ADC86D8071C0A729DC28, 76BA268209C52E00B0FB8062, 7AC5FEA17B8577E4EB10A0AB, 761E28609E32E6E33EB2DC21, ); name = "Network"; path = "Network"; sourceTree = "<group>"; };
		FEAF5D8F61146446AB2C831A = {isa = PBXGroup; children = (0C95DCBE3D848BDB6C254116, 85F33B9C1FEF06261744DCCB, 17C08A5A5D210A84D8CB68D9, ); name = "Intelligence"; path = "Intelligence"; sourceTree = "<group>"; };
		D4639903A47D881B67188218 = {isa = PBXGroup; children = (CF0F51D16A6D39FCFAB1EE51, ); name = "Time"; path = "Time"; sourceTree = "<group>"; };
		912CA63D0B9F8BB79753CF7F = {isa = PBXGroup; children = (B295E612DF90E3CB44228365, 18FEA4FE7CA2EB551AA1EB0B, FEAF5D8F61146446AB2C831A, D4639903A47D881B67188218, ); name = "Core"; path = "Core"; sourceTree = "<group>"; };
		0F969E29055C4EF2C2FF8254 = {isa = PBXGroup; children = (4A8617B19B519759B66A9C73, 06B010D9C40163AF882E9554, C1BCC33D8717BCEE296C1A85, ); name = "Pulse"; path = "Pulse"; sourceTree = "<group>"; };
		C0D6E39BE912DFA452C964E5 = {isa = PBXGroup; children = (62BB524E1F13B6631643F30B, 5A10FE6B7E1FDE2C3E5270AC, 325CB57B76E82C3934F41946, 624222E9906AED3B3050FE4D, ); name = "Madrid"; path = "Madrid"; sourceTree = "<group>"; };
		7DFC5AEC6DD35497AA891F46 = {isa = PBXGroup; children = (800D95490C31BEF2C11D06B1, D5618ACB47108C5ECE2A1DF1, 44568B552442758133DEF919, D5B2447E97774943AE055B07, 274E1FF781DE1E99CE883CB1, ); name = "PoGo"; path = "PoGo"; sourceTree = "<group>"; };
		F393856C854949D7C2FA7B83 = {isa = PBXGroup; children = (A6263EFE1565E274CD9BBE16, F0862D2780839821BE7EB6B1, B92DC84F647A42D0148EDD88, 864D49570619C81F73AAA049, ); name = "GitHub"; path = "GitHub"; sourceTree = "<group>"; };
		70D8BCC9BB56E4FDECD0DFAC = {isa = PBXGroup; children = (AEA5067D2AF7AAD2149798EB, B7282ABAAB95A19566D2F48E, E0C5CA83E8935D20AEB0F7FD, ); name = "AiIntel"; path = "AiIntel"; sourceTree = "<group>"; };
		BFD89DB94B351EB0C27CCD65 = {isa = PBXGroup; children = (0F969E29055C4EF2C2FF8254, C0D6E39BE912DFA452C964E5, 7DFC5AEC6DD35497AA891F46, F393856C854949D7C2FA7B83, 70D8BCC9BB56E4FDECD0DFAC, ); name = "Features"; path = "Features"; sourceTree = "<group>"; };
		C96E1E2D80C219B311D3B21B = {isa = PBXGroup; children = (7D29FA2484914D1C92BFEFEE, 0DDB5287486413A1BC7A95B1, 3D44183E20A98B8B4BB01FE8, ); name = "Settings"; path = "Settings"; sourceTree = "<group>"; };
		FF8C64998CBA4B846369C9DE = {isa = PBXGroup; children = (954888EEB9FC4A982A823CBE, 33B8021DC59DAC0AAA0673BE, F457B157FC966D801CD62CE1, BE285836ED3E944296D83FED, ); name = "DesignSystem"; path = "DesignSystem"; sourceTree = "<group>"; };
		36354A3F44F12E01FA5C3884 = {isa = PBXGroup; children = (7858C0D91F95952753F08721, 3C81652325E4B949DE4B4E01, ); name = "Shared"; path = "Shared"; sourceTree = "<group>"; };
		D0A107ABCEA2817678E3DFC5 = {isa = PBXGroup; children = (B7ABFE1A44714303D7726BAE, 196E1870C937695D6A927719, D53DE0F725178C0F69136715, 4C6526E7C8F6E1FEA834BD90, 75197729187B4AE302A61239, 0062F9E61C96E727A4D59E9C, 2701DBE7D4E0F8FCE87C65C8, ); name = "Fonts"; path = "Fonts"; sourceTree = "<group>"; };
		D9B8D39E9FDDEE9FBCEBEFF4 = {isa = PBXGroup; children = (73FCEFE840005BDAE6E9BFDC, 59C98FF057511D43C9EDD34A, 8FE05B7D2F09CD7EFD3A9EE2, 15FFE18A5D893CFA93AE65E3, ); name = "TestFixtures"; path = "TestFixtures"; sourceTree = "<group>"; };
		8695F3B7DE33D768EF306398 = {isa = PBXGroup; children = (5B1A97E375C78BC3606EEE24, FE51DADF51E57ECD0B40BE8F, D0A107ABCEA2817678E3DFC5, D9B8D39E9FDDEE9FBCEBEFF4, ); name = "Resources"; path = "Resources"; sourceTree = "<group>"; };
		F48D1B2A0E03685842D608BD = {isa = PBXGroup; children = (ACA0AB9FFDCB7057438302EF, 912CA63D0B9F8BB79753CF7F, BFD89DB94B351EB0C27CCD65, C96E1E2D80C219B311D3B21B, FF8C64998CBA4B846369C9DE, 36354A3F44F12E01FA5C3884, 8695F3B7DE33D768EF306398, ); name = "Glance"; sourceTree = "<group>"; };
		0D77CB325514E74F6F1C281B = {isa = PBXGroup; children = (61CCC1E587C8D063447BE25C, B5FB95C1730B6F97CC7F7701, 453DA7F3953B22719544D662, 0F593ABD57B9765563B01BFF, F65672F62EC7DA587E61CBB6, F2AC54314574769AC551ABBC, F2C9DD56660DF3077E99A52C, ); name = "GlanceTests"; path = "GlanceTests"; sourceTree = "<group>"; };
		D778B016C8D6E0ED5C9A3DDA = {isa = PBXGroup; children = (4D08A0A13CBECC1A43D3DD97, 10BA754B5EC93CFFE1B72319, ); name = "GlanceUITests"; path = "GlanceUITests"; sourceTree = "<group>"; };
		5D5C834876DDC7FD5BFB39D0 = {isa = PBXGroup; children = (AF278D7F7927A581FE6FFF2F, 17414BE8C080C48E8911F337, D8BA1856748C178C982EF498, ); name = "Products"; sourceTree = "<group>"; };
		864F41568694E06C0FCE73D3 = {isa = PBXGroup; children = (F48D1B2A0E03685842D608BD, 0D77CB325514E74F6F1C281B, D778B016C8D6E0ED5C9A3DDA, 5D5C834876DDC7FD5BFB39D0, ); name = "GlanceProject"; sourceTree = "<group>"; };
		830A1971C1BEFF4714ADEFA5 = {isa = PBXContainerItemProxy; containerPortal = 39BD78948D823B64971DAEBF; proxyType = 1; remoteGlobalIDString = 9C115EC998B930B54DEFD37A; remoteInfo = Glance; };
		D1C1803B4C3B15AF7E30FF73 = {isa = PBXTargetDependency; targetProxy = 830A1971C1BEFF4714ADEFA5; };
		63C46A9BB0DE78FCB151833A = {isa = PBXContainerItemProxy; containerPortal = 39BD78948D823B64971DAEBF; proxyType = 1; remoteGlobalIDString = 9C115EC998B930B54DEFD37A; remoteInfo = Glance; };
		A66D3EE752DF786A5C292E5B = {isa = PBXTargetDependency; targetProxy = 63C46A9BB0DE78FCB151833A; };
		9C115EC998B930B54DEFD37A = {isa = PBXNativeTarget; buildConfigurationList = DC5E6E969DA98C47E8F4CE2F; buildPhases = (EBCDFE4FC64A11F71EA4B02E, 60DEB2AF91C405F192C9B96D, B93B70209BC7593B52B705B4, ); buildRules = (); dependencies = (); name = "Glance"; productName = "Glance"; productReference = AF278D7F7927A581FE6FFF2F; productType = "com.apple.product-type.application"; };
		E38B2C8F2D71DCE0F080419C = {isa = PBXNativeTarget; buildConfigurationList = 47700EF30EF7DC850412FEF5; buildPhases = (15A885ECB27CC8627B5F3B25, 4B23EC41686B4143B112090C, 2DDA74C5C4CA581C686F8317, ); buildRules = (); dependencies = (D1C1803B4C3B15AF7E30FF73, ); name = "GlanceTests"; productName = "GlanceTests"; productReference = 17414BE8C080C48E8911F337; productType = "com.apple.product-type.bundle.unit-test"; };
		BC8B3572FB62215A8F4D37A5 = {isa = PBXNativeTarget; buildConfigurationList = BB6A442BE54BDE2F7A7735B6; buildPhases = (3DBB368CD5652076C0E21630, 0471141773EDAF68292C20AF, 9EA75E3DAF04AF81F1C9F1CA, ); buildRules = (); dependencies = (A66D3EE752DF786A5C292E5B, ); name = "GlanceUITests"; productName = "GlanceUITests"; productReference = D8BA1856748C178C982EF498; productType = "com.apple.product-type.bundle.ui-testing"; };
		C3071B5DC1D4688253A5E138 = {isa = XCBuildConfiguration; buildSettings = {ALWAYS_SEARCH_USER_PATHS = NO;}; name = Debug; };
		DCE9D49C85372E55169B878C = {isa = XCBuildConfiguration; buildSettings = {ALWAYS_SEARCH_USER_PATHS = NO;}; name = Release; };
		FDB3610FDB32E23C2E588B8E = {isa = XCBuildConfiguration; buildSettings = {ALWAYS_SEARCH_USER_PATHS = NO; ASSETCATALOG_COMPILER_APPICON_NAME = AppIcon; ASSETCATALOG_COMPILER_GLOBAL_ACCENT_COLOR_NAME = AccentColor; CLANG_ANALYZER_NONNULL = YES; CODE_SIGN_STYLE = Automatic; CURRENT_PROJECT_VERSION = 1; DEFINES_MODULE = YES; DEVELOPMENT_TEAM = ATIFKHAN; ENABLE_PREVIEWS = YES; GENERATE_INFOPLIST_FILE = NO; IPHONEOS_DEPLOYMENT_TARGET = 26.0; MARKETING_VERSION = 1.0; PRODUCT_BUNDLE_IDENTIFIER = com.atifkhan.glance; PRODUCT_NAME = Glance; SDKROOT = iphoneos; SWIFT_VERSION = 6.0; TARGETED_DEVICE_FAMILY = 1; INFOPLIST_FILE = "Resources/Info.plist";}; name = Debug; };
		EBA9D00E98B9F88829BE702C = {isa = XCBuildConfiguration; buildSettings = {ALWAYS_SEARCH_USER_PATHS = NO; ASSETCATALOG_COMPILER_APPICON_NAME = AppIcon; ASSETCATALOG_COMPILER_GLOBAL_ACCENT_COLOR_NAME = AccentColor; CLANG_ANALYZER_NONNULL = YES; CODE_SIGN_STYLE = Automatic; CURRENT_PROJECT_VERSION = 1; DEFINES_MODULE = YES; DEVELOPMENT_TEAM = ATIFKHAN; ENABLE_PREVIEWS = YES; GENERATE_INFOPLIST_FILE = NO; IPHONEOS_DEPLOYMENT_TARGET = 26.0; MARKETING_VERSION = 1.0; PRODUCT_BUNDLE_IDENTIFIER = com.atifkhan.glance; PRODUCT_NAME = Glance; SDKROOT = iphoneos; SWIFT_VERSION = 6.0; TARGETED_DEVICE_FAMILY = 1; INFOPLIST_FILE = "Resources/Info.plist";}; name = Release; };
		93FAE12C8CD99E4B068F2279 = {isa = XCBuildConfiguration; buildSettings = {ALWAYS_SEARCH_USER_PATHS = NO; BUNDLE_LOADER = "$(TEST_HOST)"; CODE_SIGN_STYLE = Automatic; CURRENT_PROJECT_VERSION = 1; DEVELOPMENT_TEAM = ATIFKHAN; GENERATE_INFOPLIST_FILE = YES; IPHONEOS_DEPLOYMENT_TARGET = 26.0; MARKETING_VERSION = 1.0; PRODUCT_BUNDLE_IDENTIFIER = com.atifkhan.glance.GlanceTests; PRODUCT_NAME = GlanceTests; SWIFT_VERSION = 6.0; TARGETED_DEVICE_FAMILY = 1; TEST_HOST = "$(BUILT_PRODUCTS_DIR)/Glance.app/Glance";}; name = Debug; };
		F6A5E9F993CB2C918C1388D6 = {isa = XCBuildConfiguration; buildSettings = {ALWAYS_SEARCH_USER_PATHS = NO; BUNDLE_LOADER = "$(TEST_HOST)"; CODE_SIGN_STYLE = Automatic; CURRENT_PROJECT_VERSION = 1; DEVELOPMENT_TEAM = ATIFKHAN; GENERATE_INFOPLIST_FILE = YES; IPHONEOS_DEPLOYMENT_TARGET = 26.0; MARKETING_VERSION = 1.0; PRODUCT_BUNDLE_IDENTIFIER = com.atifkhan.glance.GlanceTests; PRODUCT_NAME = GlanceTests; SWIFT_VERSION = 6.0; TARGETED_DEVICE_FAMILY = 1; TEST_HOST = "$(BUILT_PRODUCTS_DIR)/Glance.app/Glance";}; name = Release; };
		1D5501D9FE70AC65EFBA9EB5 = {isa = XCBuildConfiguration; buildSettings = {ALWAYS_SEARCH_USER_PATHS = NO; CODE_SIGN_STYLE = Automatic; CURRENT_PROJECT_VERSION = 1; DEVELOPMENT_TEAM = ATIFKHAN; GENERATE_INFOPLIST_FILE = YES; IPHONEOS_DEPLOYMENT_TARGET = 26.0; MARKETING_VERSION = 1.0; PRODUCT_BUNDLE_IDENTIFIER = com.atifkhan.glance.GlanceUITests; PRODUCT_NAME = GlanceUITests; SWIFT_VERSION = 6.0; TARGETED_DEVICE_FAMILY = 1; TEST_TARGET_NAME = Glance;}; name = Debug; };
		81B1A9DDF7CC81850E896919 = {isa = XCBuildConfiguration; buildSettings = {ALWAYS_SEARCH_USER_PATHS = NO; CODE_SIGN_STYLE = Automatic; CURRENT_PROJECT_VERSION = 1; DEVELOPMENT_TEAM = ATIFKHAN; GENERATE_INFOPLIST_FILE = YES; IPHONEOS_DEPLOYMENT_TARGET = 26.0; MARKETING_VERSION = 1.0; PRODUCT_BUNDLE_IDENTIFIER = com.atifkhan.glance.GlanceUITests; PRODUCT_NAME = GlanceUITests; SWIFT_VERSION = 6.0; TARGETED_DEVICE_FAMILY = 1; TEST_TARGET_NAME = Glance;}; name = Release; };
		3BCE10E8C437CC9CD5B6ADF7 = {isa = XCConfigurationList; buildConfigurations = (C3071B5DC1D4688253A5E138, DCE9D49C85372E55169B878C, ); defaultConfigurationIsVisible = 0; defaultConfigurationName = Release; };
		DC5E6E969DA98C47E8F4CE2F = {isa = XCConfigurationList; buildConfigurations = (FDB3610FDB32E23C2E588B8E, EBA9D00E98B9F88829BE702C, ); defaultConfigurationIsVisible = 0; defaultConfigurationName = Release; };
		47700EF30EF7DC850412FEF5 = {isa = XCConfigurationList; buildConfigurations = (93FAE12C8CD99E4B068F2279, F6A5E9F993CB2C918C1388D6, ); defaultConfigurationIsVisible = 0; defaultConfigurationName = Release; };
		BB6A442BE54BDE2F7A7735B6 = {isa = XCConfigurationList; buildConfigurations = (1D5501D9FE70AC65EFBA9EB5, 81B1A9DDF7CC81850E896919, ); defaultConfigurationIsVisible = 0; defaultConfigurationName = Release; };
		39BD78948D823B64971DAEBF = {isa = PBXProject; attributes = {BuildIndependentTargetsInParallel = 1; LastUpgradeCheck = 2600; TargetAttributes = {9C115EC998B930B54DEFD37A = {CreatedOnToolsVersion = 26.6; }; E38B2C8F2D71DCE0F080419C = {CreatedOnToolsVersion = 26.6; TestTargetID = 9C115EC998B930B54DEFD37A; }; BC8B3572FB62215A8F4D37A5 = {CreatedOnToolsVersion = 26.6; TestTargetID = 9C115EC998B930B54DEFD37A; }; }; }; buildConfigurationList = 3BCE10E8C437CC9CD5B6ADF7; compatibilityVersion = "Xcode 16.0"; developmentRegion = en; hasScannedForEncodings = 0; knownRegions = (en, ); mainGroup = 864F41568694E06C0FCE73D3; productRefGroup = 5D5C834876DDC7FD5BFB39D0; projectDirPath = ""; projectRoot = ""; targets = (9C115EC998B930B54DEFD37A, E38B2C8F2D71DCE0F080419C, BC8B3572FB62215A8F4D37A5, ); };
	};
	rootObject = 39BD78948D823B64971DAEBF;
}
