// !$*UTF8*$!
{
	archiveVersion = 1;
	classes = {
	};
	objectVersion = 71;
	objects = {

/* Begin PBXBuildFile section */
		0293474C8BAA89D4AD8F170F /* TimeFormat.swift in Sources */ = {isa = PBXBuildFile; fileRef = CF0F51D16A6D39FCFAB1EE51 /* TimeFormat.swift */; };
		05D69E71AEAF0796329FCB70 /* EventDetailView.swift in Sources */ = {isa = PBXBuildFile; fileRef = 274E1FF781DE1E99CE883CB1 /* EventDetailView.swift */; };
		096DB724932563428E9C79B3 /* ExaClient.swift in Sources */ = {isa = PBXBuildFile; fileRef = 032774EA8666009381F3C760 /* ExaClient.swift */; };
		AA11BB22CC33DD44EE55FF77 /* SportsDBClient.swift in Sources */ = {isa = PBXBuildFile; fileRef = BB22CC33DD44EE55FF660077 /* SportsDBClient.swift */; };
		0BE13B387270F4520E4FC24E /* Glance.xcassets in Resources */ = {isa = PBXBuildFile; fileRef = FE51DADF51E57ECD0B40BE8F /* Glance.xcassets */; };
		0DA71C7319CF6FEF3DDAF056 /* SettingsView.swift in Sources */ = {isa = PBXBuildFile; fileRef = 0DDB5287486413A1BC7A95B1 /* SettingsView.swift */; };
		1085346A0AD944BC6DFF3E16 /* MadridPipelineTests.swift in Sources */ = {isa = PBXBuildFile; fileRef = 61CCC1E587C8D063447BE25C /* MadridPipelineTests.swift */; };
		12E679C512844CB0A323646C /* PoGoHubView.swift in Sources */ = {isa = PBXBuildFile; fileRef = 44568B552442758133DEF919 /* PoGoHubView.swift */; };
		17E43F2670D9DD76CBBE7E74 /* Manrope-Regular.ttf in Resources */ = {isa = PBXBuildFile; fileRef = B7ABFE1A44714303D7726BAE /* Manrope-Regular.ttf */; };
		19E5B4F68F337ED811CBC50C /* PoGoModels.swift in Sources */ = {isa = PBXBuildFile; fileRef = 800D95490C31BEF2C11D06B1 /* PoGoModels.swift */; };
		1B7069441A5336A91CE2B6CD /* RaidDetailView.swift in Sources */ = {isa = PBXBuildFile; fileRef = D5B2447E97774943AE055B07 /* RaidDetailView.swift */; };
		1CF9807A87AAF6ECEE6C645B /* MadridDateParsing.swift in Sources */ = {isa = PBXBuildFile; fileRef = 7DF0D56AA2D3E58D038DD154 /* MadridDateParsing.swift */; };
		20C65BD7D4E849F2ABC8E612 /* PulseDot.swift in Sources */ = {isa = PBXBuildFile; fileRef = BE285836ED3E944296D83FED /* PulseDot.swift */; };
		258D90A7CF4894803C569D75 /* Extensions.swift in Sources */ = {isa = PBXBuildFile; fileRef = 3C81652325E4B949DE4B4E01 /* Extensions.swift */; };
		2804A8BFF0857B24507ACC2A /* HankenGrotesk-Bold.ttf in Resources */ = {isa = PBXBuildFile; fileRef = 2701DBE7D4E0F8FCE87C65C8 /* HankenGrotesk-Bold.ttf */; };
		2C9E99F71912950A86707C2E /* AiIntelPipelineTests.swift in Sources */ = {isa = PBXBuildFile; fileRef = 0F593ABD57B9765563B01BFF /* AiIntelPipelineTests.swift */; };
		2EA56F63353461298074E76E /* GlanceApp.swift in Sources */ = {isa = PBXBuildFile; fileRef = E5C520B3259951583C6815C6 /* GlanceApp.swift */; };
		2FBA10BD76B3C8E6D5A75FDC /* Manrope-SemiBold.ttf in Resources */ = {isa = PBXBuildFile; fileRef = 196E1870C937695D6A927719 /* Manrope-SemiBold.ttf */; };
		34012DCF640F1EAC14E3F416 /* TimeFormatTests.swift in Sources */ = {isa = PBXBuildFile; fileRef = F2C9DD56660DF3077E99A52C /* TimeFormatTests.swift */; };
		43420A37FC0A235A69020B85 /* events.json in Resources */ = {isa = PBXBuildFile; fileRef = 59C98FF057511D43C9EDD34A /* events.json */; };
		4480DF96B39661A2011114BD /* raids.json in Resources */ = {isa = PBXBuildFile; fileRef = 73FCEFE840005BDAE6E9BFDC /* raids.json */; };
		45FB5BDD7E141CD05BDE5054 /* SourcesView.swift in Sources */ = {isa = PBXBuildFile; fileRef = 3D44183E20A98B8B4BB01FE8 /* SourcesView.swift */; };
		47C63C93AFB93383EBBA3EFC /* CacheStoreTests.swift in Sources */ = {isa = PBXBuildFile; fileRef = F65672F62EC7DA587E61CBB6 /* CacheStoreTests.swift */; };
		4C5A4447575865357AA90C3A /* Enums.swift in Sources */ = {isa = PBXBuildFile; fileRef = 7858C0D91F95952753F08721 /* Enums.swift */; };
		4C7EB67886D3ADF0ACBF5FFF /* SourcesFlowUITests.swift in Sources */ = {isa = PBXBuildFile; fileRef = 10BA754B5EC93CFFE1B72319 /* SourcesFlowUITests.swift */; };
		5185E73DD56F4829173AC42B /* AppState.swift in Sources */ = {isa = PBXBuildFile; fileRef = AD625D7030DB8620C6D1D522 /* AppState.swift */; };
		58B6F4CDB81BADC61AB95F87 /* ContentView.swift in Sources */ = {isa = PBXBuildFile; fileRef = AD92B9173DCB62561A3E085A /* ContentView.swift */; };
		5BA02C670F37712948EB23B7 /* ScrapedDuckClient.swift in Sources */ = {isa = PBXBuildFile; fileRef = 7AC5FEA17B8577E4EB10A0AB /* ScrapedDuckClient.swift */; };
		5FD49C9004AF5858C3D6E7D3 /* HankenGrotesk-SemiBold.ttf in Resources */ = {isa = PBXBuildFile; fileRef = 0062F9E61C96E727A4D59E9C /* HankenGrotesk-SemiBold.ttf */; };
		622E00ADE396D949220F11FB /* IntelligenceRouter.swift in Sources */ = {isa = PBXBuildFile; fileRef = 17C08A5A5D210A84D8CB68D9 /* IntelligenceRouter.swift */; };
		645351B4B35C32E3FE95EF0D /* KeychainStoreTests.swift in Sources */ = {isa = PBXBuildFile; fileRef = F2AC54314574769AC551ABBC /* KeychainStoreTests.swift */; };
		70C4D04F2D86D901D561200C /* SettingsStore.swift in Sources */ = {isa = PBXBuildFile; fileRef = 7D29FA2484914D1C92BFEFEE /* SettingsStore.swift */; };
		77435D5923D8DE4DD1DFAD14 /* PulseView.swift in Sources */ = {isa = PBXBuildFile; fileRef = 4A8617B19B519759B66A9C73 /* PulseView.swift */; };
		7C57C7437D4379800D31724E /* AiIntelModels.swift in Sources */ = {isa = PBXBuildFile; fileRef = AEA5067D2AF7AAD2149798EB /* AiIntelModels.swift */; };
		86F7F32AACE55A180FD274B8 /* GitHubPipelineTests.swift in Sources */ = {isa = PBXBuildFile; fileRef = 453DA7F3953B22719544D662 /* GitHubPipelineTests.swift */; };
		89477086D92D8EA1A76A0BEA /* Models.swift in Sources */ = {isa = PBXBuildFile; fileRef = 0C95DCBE3D848BDB6C254116 /* Models.swift */; };
		9279122F2F95E997FB8B8E7D /* HankenGrotesk-Regular.ttf in Resources */ = {isa = PBXBuildFile; fileRef = 75197729187B4AE302A61239 /* HankenGrotesk-Regular.ttf */; };
		95B09C900F96840CD565BDF2 /* CacheEnvelope.swift in Sources */ = {isa = PBXBuildFile; fileRef = 4F3610F406F35B78849DB8D2 /* CacheEnvelope.swift */; };
		9C8B274933DB7F69389C8C57 /* MadridPipeline.swift in Sources */ = {isa = PBXBuildFile; fileRef = 5A10FE6B7E1FDE2C3E5270AC /* MadridPipeline.swift */; };
		A3999457EEF16025ACBDDBCD /* PoGoPipelineTests.swift in Sources */ = {isa = PBXBuildFile; fileRef = B5FB95C1730B6F97CC7F7701 /* PoGoPipelineTests.swift */; };
		A4BD23CA0E1F654CB69F2637 /* AiIntelPipeline.swift in Sources */ = {isa = PBXBuildFile; fileRef = B7282ABAAB95A19566D2F48E /* AiIntelPipeline.swift */; };
		A96986B8A8C94414ED991F21 /* CacheStore.swift in Sources */ = {isa = PBXBuildFile; fileRef = 2FCCD985E015E21DCCED8520 /* CacheStore.swift */; };
		B3B65B4CB3105DA4D8A53E7B /* MadridModels.swift in Sources */ = {isa = PBXBuildFile; fileRef = 62BB524E1F13B6631643F30B /* MadridModels.swift */; };
		B77B36E6CC1DE6610C3101A3 /* GitHubClient.swift in Sources */ = {isa = PBXBuildFile; fileRef = 76BA268209C52E00B0FB8062 /* GitHubClient.swift */; };
		B8255817BAB3D33F952290D9 /* PulseFlowUITests.swift in Sources */ = {isa = PBXBuildFile; fileRef = 4D08A0A13CBECC1A43D3DD97 /* PulseFlowUITests.swift */; };
		BC10008C484758547C989AAC /* FoundationModelsClient.swift in Sources */ = {isa = PBXBuildFile; fileRef = 85F33B9C1FEF06261744DCCB /* FoundationModelsClient.swift */; };
		C055284524085E1696D9864E /* GitHubModels.swift in Sources */ = {isa = PBXBuildFile; fileRef = A6263EFE1565E274CD9BBE16 /* GitHubModels.swift */; };
		C4F7A91DECC1082A7429B83B /* madrid-search.json in Resources */ = {isa = PBXBuildFile; fileRef = 8FE05B7D2F09CD7EFD3A9EE2 /* madrid-search.json */; };
		C71FD04EB7EE758AF092C4E2 /* Manrope-Bold.ttf in Resources */ = {isa = PBXBuildFile; fileRef = D53DE0F725178C0F69136715 /* Manrope-Bold.ttf */; };
		CA4594EEC28F6837ACDA78F4 /* MadridArticleView.swift in Sources */ = {isa = PBXBuildFile; fileRef = 624222E9906AED3B3050FE4D /* MadridArticleView.swift */; };
		CB04AF25B8072EB1C93103FF /* KeychainStore.swift in Sources */ = {isa = PBXBuildFile; fileRef = 5499D323A95C9D573A14BDD5 /* KeychainStore.swift */; };
		CBD1DF44CC2583FF724E4AD7 /* Manrope-ExtraBold.ttf in Resources */ = {isa = PBXBuildFile; fileRef = 4C6526E7C8F6E1FEA834BD90 /* Manrope-ExtraBold.ttf */; };
		D589A9502D12A581CE199D6F /* MadridFixtureParser.swift in Sources */ = {isa = PBXBuildFile; fileRef = 47065905154CC6E47579CB42 /* MadridFixtureParser.swift */; };
		DBDCE775D51C34FDE0D16C20 /* PulseStore.swift in Sources */ = {isa = PBXBuildFile; fileRef = 06B010D9C40163AF882E9554 /* PulseStore.swift */; };
		DE1BF522CA162C01B5B90EC0 /* repositories.json in Resources */ = {isa = PBXBuildFile; fileRef = 15FFE18A5D893CFA93AE65E3 /* repositories.json */; };
		E0ACE6FDC5DBB9DA3A878EF0 /* GitHubPipeline.swift in Sources */ = {isa = PBXBuildFile; fileRef = F0862D2780839821BE7EB6B1 /* GitHubPipeline.swift */; };
		E5CB8D9BFF379C4E8765123A /* SkeletonView.swift in Sources */ = {isa = PBXBuildFile; fileRef = F457B157FC966D801CD62CE1 /* SkeletonView.swift */; };
		F0A1B2C3D4E5F6A7B8C9D0E1 /* Components.swift in Sources */ = {isa = PBXBuildFile; fileRef = A1B2C3D4E5F6A7B8C9D0E1F2 /* Components.swift */; };
		B1C2D3E4F5A6B7C8D9E0F1A2 /* NetworkMonitor.swift in Sources */ = {isa = PBXBuildFile; fileRef = C2D3E4F5A6B7C8D9E0F1A2B3 /* NetworkMonitor.swift */; };
		D3E4F5A6B7C8D9E0F1A2B3C4 /* CachedAsyncImage.swift in Sources */ = {isa = PBXBuildFile; fileRef = E4F5A6B7C8D9E0F1A2B3C4D5 /* CachedAsyncImage.swift */; };
		F5A6B7C8D9E0F1A2B3C4D5E6 /* IntelligenceRouterTests.swift in Sources */ = {isa = PBXBuildFile; fileRef = A6B7C8D9E0F1A2B3C4D5E6F7 /* IntelligenceRouterTests.swift */; };
		B7C8D9E0F1A2B3C4D5E6F7A8 /* CacheTTTests.swift in Sources */ = {isa = PBXBuildFile; fileRef = C8D9E0F1A2B3C4D5E6F7A8B9 /* CacheTTTests.swift */; };
		E78A461D3A5B0A1F140AF378 /* GeminiClient.swift in Sources */ = {isa = PBXBuildFile; fileRef = 8432ADC86D8071C0A729DC28 /* GeminiClient.swift */; };
		E9DC9274D7EF30EAFCE6C500 /* PoGoPipeline.swift in Sources */ = {isa = PBXBuildFile; fileRef = D5618ACB47108C5ECE2A1DF1 /* PoGoPipeline.swift */; };
		EC388E6180F7AFEFE7A00C77 /* ManagingMadridClient.swift in Sources */ = {isa = PBXBuildFile; fileRef = 761E28609E32E6E33EB2DC21 /* ManagingMadridClient.swift */; };
		EDDC18A1BC9900E24D8AD800 /* GlanceCardView.swift in Sources */ = {isa = PBXBuildFile; fileRef = C1BCC33D8717BCEE296C1A85 /* GlanceCardView.swift */; };
		F6D002212AC3604CA4A5217C /* AiIntelArticleView.swift in Sources */ = {isa = PBXBuildFile; fileRef = E0C5CA83E8935D20AEB0F7FD /* AiIntelArticleView.swift */; };
		D7E8F9A0B1C2D3E4F5A6B7C8 /* AiIntelHubView.swift in Sources */ = {isa = PBXBuildFile; fileRef = E8F9A0B1C2D3E4F5A6B7C8D9 /* AiIntelHubView.swift */; };
		F92EC9784909D6464A009A36 /* GlanceBadge.swift in Sources */ = {isa = PBXBuildFile; fileRef = 33B8021DC59DAC0AAA0673BE /* GlanceBadge.swift */; };
		FA080D8C8DBEBE1E0F6C6725 /* MadridHubView.swift in Sources */ = {isa = PBXBuildFile; fileRef = 325CB57B76E82C3934F41946 /* MadridHubView.swift */; };
		FCE22EADB5AD23EA6857653C /* RepoDetailView.swift in Sources */ = {isa = PBXBuildFile; fileRef = 864D49570619C81F73AAA049 /* RepoDetailView.swift */; };
		FD126FB78D62980E618E9470 /* GitHubHubView.swift in Sources */ = {isa = PBXBuildFile; fileRef = B92DC84F647A42D0148EDD88 /* GitHubHubView.swift */; };
		FE86DACADCCAC95C40100576 /* Theme.swift in Sources */ = {isa = PBXBuildFile; fileRef = 954888EEB9FC4A982A823CBE /* Theme.swift */; };
/* End PBXBuildFile section */

/* Begin PBXContainerItemProxy section */
		63C46A9BB0DE78FCB151833A /* PBXContainerItemProxy */ = {
			isa = PBXContainerItemProxy;
			containerPortal = 39BD78948D823B64971DAEBF /* Project object */;
			proxyType = 1;
			remoteGlobalIDString = 9C115EC998B930B54DEFD37A;
			remoteInfo = Glance;
		};
		830A1971C1BEFF4714ADEFA5 /* PBXContainerItemProxy */ = {
			isa = PBXContainerItemProxy;
			containerPortal = 39BD78948D823B64971DAEBF /* Project object */;
			proxyType = 1;
			remoteGlobalIDString = 9C115EC998B930B54DEFD37A;
			remoteInfo = Glance;
		};
/* End PBXContainerItemProxy section */

/* Begin PBXFileReference section */
		0062F9E61C96E727A4D59E9C /* HankenGrotesk-SemiBold.ttf */ = {isa = PBXFileReference; explicitFileType = file; path = "HankenGrotesk-SemiBold.ttf"; sourceTree = "<group>"; };
		032774EA8666009381F3C760 /* ExaClient.swift */ = {isa = PBXFileReference; explicitFileType = sourcecode.swift; path = ExaClient.swift; sourceTree = "<group>"; };
		BB22CC33DD44EE55FF660077 /* SportsDBClient.swift */ = {isa = PBXFileReference; explicitFileType = sourcecode.swift; path = SportsDBClient.swift; sourceTree = "<group>"; };
		06B010D9C40163AF882E9554 /* PulseStore.swift */ = {isa = PBXFileReference; explicitFileType = sourcecode.swift; path = PulseStore.swift; sourceTree = "<group>"; };
		0C95DCBE3D848BDB6C254116 /* Models.swift */ = {isa = PBXFileReference; explicitFileType = sourcecode.swift; path = Models.swift; sourceTree = "<group>"; };
		0DDB5287486413A1BC7A95B1 /* SettingsView.swift */ = {isa = PBXFileReference; explicitFileType = sourcecode.swift; path = SettingsView.swift; sourceTree = "<group>"; };
		0F593ABD57B9765563B01BFF /* AiIntelPipelineTests.swift */ = {isa = PBXFileReference; explicitFileType = sourcecode.swift; path = AiIntelPipelineTests.swift; sourceTree = "<group>"; };
		10BA754B5EC93CFFE1B72319 /* SourcesFlowUITests.swift */ = {isa = PBXFileReference; explicitFileType = sourcecode.swift; path = SourcesFlowUITests.swift; sourceTree = "<group>"; };
		15FFE18A5D893CFA93AE65E3 /* repositories.json */ = {isa = PBXFileReference; explicitFileType = text.json; path = repositories.json; sourceTree = "<group>"; };
		17414BE8C080C48E8911F337 /* GlanceTests.xctest */ = {isa = PBXFileReference; explicitFileType = wrapper.cfbundle; path = GlanceTests.xctest; sourceTree = BUILT_PRODUCTS_DIR; };
		17C08A5A5D210A84D8CB68D9 /* IntelligenceRouter.swift */ = {isa = PBXFileReference; explicitFileType = sourcecode.swift; path = IntelligenceRouter.swift; sourceTree = "<group>"; };
		196E1870C937695D6A927719 /* Manrope-SemiBold.ttf */ = {isa = PBXFileReference; explicitFileType = file; path = "Manrope-SemiBold.ttf"; sourceTree = "<group>"; };
		2701DBE7D4E0F8FCE87C65C8 /* HankenGrotesk-Bold.ttf */ = {isa = PBXFileReference; explicitFileType = file; path = "HankenGrotesk-Bold.ttf"; sourceTree = "<group>"; };
		274E1FF781DE1E99CE883CB1 /* EventDetailView.swift */ = {isa = PBXFileReference; explicitFileType = sourcecode.swift; path = EventDetailView.swift; sourceTree = "<group>"; };
		2FCCD985E015E21DCCED8520 /* CacheStore.swift */ = {isa = PBXFileReference; explicitFileType = sourcecode.swift; path = CacheStore.swift; sourceTree = "<group>"; };
		325CB57B76E82C3934F41946 /* MadridHubView.swift */ = {isa = PBXFileReference; explicitFileType = sourcecode.swift; path = MadridHubView.swift; sourceTree = "<group>"; };
		33B8021DC59DAC0AAA0673BE /* GlanceBadge.swift */ = {isa = PBXFileReference; explicitFileType = sourcecode.swift; path = GlanceBadge.swift; sourceTree = "<group>"; };
		3C81652325E4B949DE4B4E01 /* Extensions.swift */ = {isa = PBXFileReference; explicitFileType = sourcecode.swift; path = Extensions.swift; sourceTree = "<group>"; };
		3D44183E20A98B8B4BB01FE8 /* SourcesView.swift */ = {isa = PBXFileReference; explicitFileType = sourcecode.swift; path = SourcesView.swift; sourceTree = "<group>"; };
		44568B552442758133DEF919 /* PoGoHubView.swift */ = {isa = PBXFileReference; explicitFileType = sourcecode.swift; path = PoGoHubView.swift; sourceTree = "<group>"; };
		453DA7F3953B22719544D662 /* GitHubPipelineTests.swift */ = {isa = PBXFileReference; explicitFileType = sourcecode.swift; path = GitHubPipelineTests.swift; sourceTree = "<group>"; };
		47065905154CC6E47579CB42 /* MadridFixtureParser.swift */ = {isa = PBXFileReference; explicitFileType = sourcecode.swift; path = MadridFixtureParser.swift; sourceTree = "<group>"; };
		4A8617B19B519759B66A9C73 /* PulseView.swift */ = {isa = PBXFileReference; explicitFileType = sourcecode.swift; path = PulseView.swift; sourceTree = "<group>"; };
		4C6526E7C8F6E1FEA834BD90 /* Manrope-ExtraBold.ttf */ = {isa = PBXFileReference; explicitFileType = file; path = "Manrope-ExtraBold.ttf"; sourceTree = "<group>"; };
		4D08A0A13CBECC1A43D3DD97 /* PulseFlowUITests.swift */ = {isa = PBXFileReference; explicitFileType = sourcecode.swift; path = PulseFlowUITests.swift; sourceTree = "<group>"; };
		4F3610F406F35B78849DB8D2 /* CacheEnvelope.swift */ = {isa = PBXFileReference; explicitFileType = sourcecode.swift; path = CacheEnvelope.swift; sourceTree = "<group>"; };
		5499D323A95C9D573A14BDD5 /* KeychainStore.swift */ = {isa = PBXFileReference; explicitFileType = sourcecode.swift; path = KeychainStore.swift; sourceTree = "<group>"; };
		59C98FF057511D43C9EDD34A /* events.json */ = {isa = PBXFileReference; explicitFileType = text.json; path = events.json; sourceTree = "<group>"; };
		5A10FE6B7E1FDE2C3E5270AC /* MadridPipeline.swift */ = {isa = PBXFileReference; explicitFileType = sourcecode.swift; path = MadridPipeline.swift; sourceTree = "<group>"; };
		5B1A97E375C78BC3606EEE24 /* Info.plist */ = {isa = PBXFileReference; explicitFileType = text.plist.xml; path = Info.plist; sourceTree = "<group>"; };
		61CCC1E587C8D063447BE25C /* MadridPipelineTests.swift */ = {isa = PBXFileReference; explicitFileType = sourcecode.swift; path = MadridPipelineTests.swift; sourceTree = "<group>"; };
		624222E9906AED3B3050FE4D /* MadridArticleView.swift */ = {isa = PBXFileReference; explicitFileType = sourcecode.swift; path = MadridArticleView.swift; sourceTree = "<group>"; };
		62BB524E1F13B6631643F30B /* MadridModels.swift */ = {isa = PBXFileReference; explicitFileType = sourcecode.swift; path = MadridModels.swift; sourceTree = "<group>"; };
		73FCEFE840005BDAE6E9BFDC /* raids.json */ = {isa = PBXFileReference; explicitFileType = text.json; path = raids.json; sourceTree = "<group>"; };
		75197729187B4AE302A61239 /* HankenGrotesk-Regular.ttf */ = {isa = PBXFileReference; explicitFileType = file; path = "HankenGrotesk-Regular.ttf"; sourceTree = "<group>"; };
		761E28609E32E6E33EB2DC21 /* ManagingMadridClient.swift */ = {isa = PBXFileReference; explicitFileType = sourcecode.swift; path = ManagingMadridClient.swift; sourceTree = "<group>"; };
		76BA268209C52E00B0FB8062 /* GitHubClient.swift */ = {isa = PBXFileReference; explicitFileType = sourcecode.swift; path = GitHubClient.swift; sourceTree = "<group>"; };
		7858C0D91F95952753F08721 /* Enums.swift */ = {isa = PBXFileReference; explicitFileType = sourcecode.swift; path = Enums.swift; sourceTree = "<group>"; };
		7AC5FEA17B8577E4EB10A0AB /* ScrapedDuckClient.swift */ = {isa = PBXFileReference; explicitFileType = sourcecode.swift; path = ScrapedDuckClient.swift; sourceTree = "<group>"; };
		7D29FA2484914D1C92BFEFEE /* SettingsStore.swift */ = {isa = PBXFileReference; explicitFileType = sourcecode.swift; path = SettingsStore.swift; sourceTree = "<group>"; };
		7DF0D56AA2D3E58D038DD154 /* MadridDateParsing.swift */ = {isa = PBXFileReference; explicitFileType = sourcecode.swift; path = MadridDateParsing.swift; sourceTree = "<group>"; };
		800D95490C31BEF2C11D06B1 /* PoGoModels.swift */ = {isa = PBXFileReference; explicitFileType = sourcecode.swift; path = PoGoModels.swift; sourceTree = "<group>"; };
		8432ADC86D8071C0A729DC28 /* GeminiClient.swift */ = {isa = PBXFileReference; explicitFileType = sourcecode.swift; path = GeminiClient.swift; sourceTree = "<group>"; };
		85F33B9C1FEF06261744DCCB /* FoundationModelsClient.swift */ = {isa = PBXFileReference; explicitFileType = sourcecode.swift; path = FoundationModelsClient.swift; sourceTree = "<group>"; };
		864D49570619C81F73AAA049 /* RepoDetailView.swift */ = {isa = PBXFileReference; explicitFileType = sourcecode.swift; path = RepoDetailView.swift; sourceTree = "<group>"; };
		8FE05B7D2F09CD7EFD3A9EE2 /* madrid-search.json */ = {isa = PBXFileReference; explicitFileType = text.json; path = "madrid-search.json"; sourceTree = "<group>"; };
		954888EEB9FC4A982A823CBE /* Theme.swift */ = {isa = PBXFileReference; explicitFileType = sourcecode.swift; path = Theme.swift; sourceTree = "<group>"; };
		A6263EFE1565E274CD9BBE16 /* GitHubModels.swift */ = {isa = PBXFileReference; explicitFileType = sourcecode.swift; path = GitHubModels.swift; sourceTree = "<group>"; };
		AD625D7030DB8620C6D1D522 /* AppState.swift */ = {isa = PBXFileReference; explicitFileType = sourcecode.swift; path = AppState.swift; sourceTree = "<group>"; };
		AD92B9173DCB62561A3E085A /* ContentView.swift */ = {isa = PBXFileReference; explicitFileType = sourcecode.swift; path = ContentView.swift; sourceTree = "<group>"; };
		AEA5067D2AF7AAD2149798EB /* AiIntelModels.swift */ = {isa = PBXFileReference; explicitFileType = sourcecode.swift; path = AiIntelModels.swift; sourceTree = "<group>"; };
		AF278D7F7927A581FE6FFF2F /* Glance.app */ = {isa = PBXFileReference; explicitFileType = wrapper.application; path = Glance.app; sourceTree = BUILT_PRODUCTS_DIR; };
		B5FB95C1730B6F97CC7F7701 /* PoGoPipelineTests.swift */ = {isa = PBXFileReference; explicitFileType = sourcecode.swift; path = PoGoPipelineTests.swift; sourceTree = "<group>"; };
		B7282ABAAB95A19566D2F48E /* AiIntelPipeline.swift */ = {isa = PBXFileReference; explicitFileType = sourcecode.swift; path = AiIntelPipeline.swift; sourceTree = "<group>"; };
		B7ABFE1A44714303D7726BAE /* Manrope-Regular.ttf */ = {isa = PBXFileReference; explicitFileType = file; path = "Manrope-Regular.ttf"; sourceTree = "<group>"; };
		B92DC84F647A42D0148EDD88 /* GitHubHubView.swift */ = {isa = PBXFileReference; explicitFileType = sourcecode.swift; path = GitHubHubView.swift; sourceTree = "<group>"; };
		BE285836ED3E944296D83FED /* PulseDot.swift */ = {isa = PBXFileReference; explicitFileType = sourcecode.swift; path = PulseDot.swift; sourceTree = "<group>"; };
		C1BCC33D8717BCEE296C1A85 /* GlanceCardView.swift */ = {isa = PBXFileReference; explicitFileType = sourcecode.swift; path = GlanceCardView.swift; sourceTree = "<group>"; };
		CF0F51D16A6D39FCFAB1EE51 /* TimeFormat.swift */ = {isa = PBXFileReference; explicitFileType = sourcecode.swift; path = TimeFormat.swift; sourceTree = "<group>"; };
		D53DE0F725178C0F69136715 /* Manrope-Bold.ttf */ = {isa = PBXFileReference; explicitFileType = file; path = "Manrope-Bold.ttf"; sourceTree = "<group>"; };
		D5618ACB47108C5ECE2A1DF1 /* PoGoPipeline.swift */ = {isa = PBXFileReference; explicitFileType = sourcecode.swift; path = PoGoPipeline.swift; sourceTree = "<group>"; };
		D5B2447E97774943AE055B07 /* RaidDetailView.swift */ = {isa = PBXFileReference; explicitFileType = sourcecode.swift; path = RaidDetailView.swift; sourceTree = "<group>"; };
		D8BA1856748C178C982EF498 /* GlanceUITests.xctest */ = {isa = PBXFileReference; explicitFileType = wrapper.cfbundle; path = GlanceUITests.xctest; sourceTree = BUILT_PRODUCTS_DIR; };
		E0C5CA83E8935D20AEB0F7FD /* AiIntelArticleView.swift */ = {isa = PBXFileReference; explicitFileType = sourcecode.swift; path = AiIntelArticleView.swift; sourceTree = "<group>"; };
		E8F9A0B1C2D3E4F5A6B7C8D9 /* AiIntelHubView.swift */ = {isa = PBXFileReference; explicitFileType = sourcecode.swift; path = AiIntelHubView.swift; sourceTree = "<group>"; };
		E5C520B3259951583C6815C6 /* GlanceApp.swift */ = {isa = PBXFileReference; explicitFileType = sourcecode.swift; path = GlanceApp.swift; sourceTree = "<group>"; };
		F0862D2780839821BE7EB6B1 /* GitHubPipeline.swift */ = {isa = PBXFileReference; explicitFileType = sourcecode.swift; path = GitHubPipeline.swift; sourceTree = "<group>"; };
		F2AC54314574769AC551ABBC /* KeychainStoreTests.swift */ = {isa = PBXFileReference; explicitFileType = sourcecode.swift; path = KeychainStoreTests.swift; sourceTree = "<group>"; };
		F2C9DD56660DF3077E99A52C /* TimeFormatTests.swift */ = {isa = PBXFileReference; explicitFileType = sourcecode.swift; path = TimeFormatTests.swift; sourceTree = "<group>"; };
		F457B157FC966D801CD62CE1 /* SkeletonView.swift */ = {isa = PBXFileReference; explicitFileType = sourcecode.swift; path = SkeletonView.swift; sourceTree = "<group>"; };
		A1B2C3D4E5F6A7B8C9D0E1F2 /* Components.swift */ = {isa = PBXFileReference; explicitFileType = sourcecode.swift; path = Components.swift; sourceTree = "<group>"; };
		C2D3E4F5A6B7C8D9E0F1A2B3 /* NetworkMonitor.swift */ = {isa = PBXFileReference; explicitFileType = sourcecode.swift; path = NetworkMonitor.swift; sourceTree = "<group>"; };
		E4F5A6B7C8D9E0F1A2B3C4D5 /* CachedAsyncImage.swift */ = {isa = PBXFileReference; explicitFileType = sourcecode.swift; path = CachedAsyncImage.swift; sourceTree = "<group>"; };
		A6B7C8D9E0F1A2B3C4D5E6F7 /* IntelligenceRouterTests.swift */ = {isa = PBXFileReference; explicitFileType = sourcecode.swift; path = IntelligenceRouterTests.swift; sourceTree = "<group>"; };
		C8D9E0F1A2B3C4D5E6F7A8B9 /* CacheTTTests.swift */ = {isa = PBXFileReference; explicitFileType = sourcecode.swift; path = CacheTTTests.swift; sourceTree = "<group>"; };
		F65672F62EC7DA587E61CBB6 /* CacheStoreTests.swift */ = {isa = PBXFileReference; explicitFileType = sourcecode.swift; path = CacheStoreTests.swift; sourceTree = "<group>"; };
		FE51DADF51E57ECD0B40BE8F /* Glance.xcassets */ = {isa = PBXFileReference; explicitFileType = folder.assetcatalog; path = Glance.xcassets; sourceTree = "<group>"; };
/* End PBXFileReference section */

/* Begin PBXFrameworksBuildPhase section */
		0471141773EDAF68292C20AF /* Frameworks */ = {
			isa = PBXFrameworksBuildPhase;
			buildActionMask = 2147483647;
			files = (
			);
			runOnlyForDeploymentPostprocessing = 0;
		};
		4B23EC41686B4143B112090C /* Frameworks */ = {
			isa = PBXFrameworksBuildPhase;
			buildActionMask = 2147483647;
			files = (
			);
			runOnlyForDeploymentPostprocessing = 0;
		};
		60DEB2AF91C405F192C9B96D /* Frameworks */ = {
			isa = PBXFrameworksBuildPhase;
			buildActionMask = 2147483647;
			files = (
			);
			runOnlyForDeploymentPostprocessing = 0;
		};
/* End PBXFrameworksBuildPhase section */

/* Begin PBXGroup section */
		0D77CB325514E74F6F1C281B /* GlanceTests */ = {
			isa = PBXGroup;
			children = (
				61CCC1E587C8D063447BE25C /* MadridPipelineTests.swift */,
				B5FB95C1730B6F97CC7F7701 /* PoGoPipelineTests.swift */,
				453DA7F3953B22719544D662 /* GitHubPipelineTests.swift */,
				0F593ABD57B9765563B01BFF /* AiIntelPipelineTests.swift */,
				F65672F62EC7DA587E61CBB6 /* CacheStoreTests.swift */,
				F2AC54314574769AC551ABBC /* KeychainStoreTests.swift */,
				F2C9DD56660DF3077E99A52C /* TimeFormatTests.swift */,
				A6B7C8D9E0F1A2B3C4D5E6F7 /* IntelligenceRouterTests.swift */,
				C8D9E0F1A2B3C4D5E6F7A8B9 /* CacheTTTests.swift */,
			);
			path = GlanceTests;
			sourceTree = "<group>";
		};
		0F969E29055C4EF2C2FF8254 /* Pulse */ = {
			isa = PBXGroup;
			children = (
				4A8617B19B519759B66A9C73 /* PulseView.swift */,
				06B010D9C40163AF882E9554 /* PulseStore.swift */,
				C1BCC33D8717BCEE296C1A85 /* GlanceCardView.swift */,
			);
			path = Pulse;
			sourceTree = "<group>";
		};
		18FEA4FE7CA2EB551AA1EB0B /* Network */ = {
			isa = PBXGroup;
			children = (
				032774EA8666009381F3C760 /* ExaClient.swift */,
				BB22CC33DD44EE55FF660077 /* SportsDBClient.swift */,
				8432ADC86D8071C0A729DC28 /* GeminiClient.swift */,
				76BA268209C52E00B0FB8062 /* GitHubClient.swift */,
				7AC5FEA17B8577E4EB10A0AB /* ScrapedDuckClient.swift */,
				761E28609E32E6E33EB2DC21 /* ManagingMadridClient.swift */,
				C2D3E4F5A6B7C8D9E0F1A2B3 /* NetworkMonitor.swift */,
			);
			path = Network;
			sourceTree = "<group>";
		};
		36354A3F44F12E01FA5C3884 /* Shared */ = {
			isa = PBXGroup;
			children = (
				7858C0D91F95952753F08721 /* Enums.swift */,
				3C81652325E4B949DE4B4E01 /* Extensions.swift */,
			);
			path = Shared;
			sourceTree = "<group>";
		};
		5D5C834876DDC7FD5BFB39D0 /* Products */ = {
			isa = PBXGroup;
			children = (
				AF278D7F7927A581FE6FFF2F /* Glance.app */,
				17414BE8C080C48E8911F337 /* GlanceTests.xctest */,
				D8BA1856748C178C982EF498 /* GlanceUITests.xctest */,
			);
			name = Products;
			sourceTree = "<group>";
		};
		70D8BCC9BB56E4FDECD0DFAC /* AiIntel */ = {
			isa = PBXGroup;
			children = (
				AEA5067D2AF7AAD2149798EB /* AiIntelModels.swift */,
				B7282ABAAB95A19566D2F48E /* AiIntelPipeline.swift */,
				E0C5CA83E8935D20AEB0F7FD /* AiIntelArticleView.swift */,
				E8F9A0B1C2D3E4F5A6B7C8D9 /* AiIntelHubView.swift */,
			);
			path = AiIntel;
			sourceTree = "<group>";
		};
		7DFC5AEC6DD35497AA891F46 /* PoGo */ = {
			isa = PBXGroup;
			children = (
				800D95490C31BEF2C11D06B1 /* PoGoModels.swift */,
				D5618ACB47108C5ECE2A1DF1 /* PoGoPipeline.swift */,
				44568B552442758133DEF919 /* PoGoHubView.swift */,
				D5B2447E97774943AE055B07 /* RaidDetailView.swift */,
				274E1FF781DE1E99CE883CB1 /* EventDetailView.swift */,
			);
			path = PoGo;
			sourceTree = "<group>";
		};
		864F41568694E06C0FCE73D3 /* GlanceProject */ = {
			isa = PBXGroup;
			children = (
				F48D1B2A0E03685842D608BD /* Glance */,
				0D77CB325514E74F6F1C281B /* GlanceTests */,
				D778B016C8D6E0ED5C9A3DDA /* GlanceUITests */,
				5D5C834876DDC7FD5BFB39D0 /* Products */,
			);
			name = GlanceProject;
			sourceTree = "<group>";
		};
		8695F3B7DE33D768EF306398 /* Resources */ = {
			isa = PBXGroup;
			children = (
				5B1A97E375C78BC3606EEE24 /* Info.plist */,
				FE51DADF51E57ECD0B40BE8F /* Glance.xcassets */,
				D0A107ABCEA2817678E3DFC5 /* Fonts */,
				D9B8D39E9FDDEE9FBCEBEFF4 /* TestFixtures */,
			);
			path = Resources;
			sourceTree = "<group>";
		};
		912CA63D0B9F8BB79753CF7F /* Core */ = {
			isa = PBXGroup;
			children = (
				B295E612DF90E3CB44228365 /* Cache */,
				18FEA4FE7CA2EB551AA1EB0B /* Network */,
				FEAF5D8F61146446AB2C831A /* Intelligence */,
				D4639903A47D881B67188218 /* Time */,
			);
			path = Core;
			sourceTree = "<group>";
		};
		ACA0AB9FFDCB7057438302EF /* App */ = {
			isa = PBXGroup;
			children = (
				E5C520B3259951583C6815C6 /* GlanceApp.swift */,
				AD625D7030DB8620C6D1D522 /* AppState.swift */,
				AD92B9173DCB62561A3E085A /* ContentView.swift */,
			);
			path = App;
			sourceTree = "<group>";
		};
		B295E612DF90E3CB44228365 /* Cache */ = {
			isa = PBXGroup;
			children = (
				4F3610F406F35B78849DB8D2 /* CacheEnvelope.swift */,
				2FCCD985E015E21DCCED8520 /* CacheStore.swift */,
				5499D323A95C9D573A14BDD5 /* KeychainStore.swift */,
			);
			path = Cache;
			sourceTree = "<group>";
		};
		BFD89DB94B351EB0C27CCD65 /* Features */ = {
			isa = PBXGroup;
			children = (
				0F969E29055C4EF2C2FF8254 /* Pulse */,
				C0D6E39BE912DFA452C964E5 /* Madrid */,
				7DFC5AEC6DD35497AA891F46 /* PoGo */,
				F393856C854949D7C2FA7B83 /* GitHub */,
				70D8BCC9BB56E4FDECD0DFAC /* AiIntel */,
			);
			path = Features;
			sourceTree = "<group>";
		};
		C0D6E39BE912DFA452C964E5 /* Madrid */ = {
			isa = PBXGroup;
			children = (
				62BB524E1F13B6631643F30B /* MadridModels.swift */,
				5A10FE6B7E1FDE2C3E5270AC /* MadridPipeline.swift */,
				7DF0D56AA2D3E58D038DD154 /* MadridDateParsing.swift */,
				47065905154CC6E47579CB42 /* MadridFixtureParser.swift */,
				325CB57B76E82C3934F41946 /* MadridHubView.swift */,
				624222E9906AED3B3050FE4D /* MadridArticleView.swift */,
			);
			path = Madrid;
			sourceTree = "<group>";
		};
		C96E1E2D80C219B311D3B21B /* Settings */ = {
			isa = PBXGroup;
			children = (
				7D29FA2484914D1C92BFEFEE /* SettingsStore.swift */,
				0DDB5287486413A1BC7A95B1 /* SettingsView.swift */,
				3D44183E20A98B8B4BB01FE8 /* SourcesView.swift */,
			);
			path = Settings;
			sourceTree = "<group>";
		};
		D0A107ABCEA2817678E3DFC5 /* Fonts */ = {
			isa = PBXGroup;
			children = (
				B7ABFE1A44714303D7726BAE /* Manrope-Regular.ttf */,
				196E1870C937695D6A927719 /* Manrope-SemiBold.ttf */,
				D53DE0F725178C0F69136715 /* Manrope-Bold.ttf */,
				4C6526E7C8F6E1FEA834BD90 /* Manrope-ExtraBold.ttf */,
				75197729187B4AE302A61239 /* HankenGrotesk-Regular.ttf */,
				0062F9E61C96E727A4D59E9C /* HankenGrotesk-SemiBold.ttf */,
				2701DBE7D4E0F8FCE87C65C8 /* HankenGrotesk-Bold.ttf */,
			);
			path = Fonts;
			sourceTree = "<group>";
		};
		D4639903A47D881B67188218 /* Time */ = {
			isa = PBXGroup;
			children = (
				CF0F51D16A6D39FCFAB1EE51 /* TimeFormat.swift */,
			);
			path = Time;
			sourceTree = "<group>";
		};
		D778B016C8D6E0ED5C9A3DDA /* GlanceUITests */ = {
			isa = PBXGroup;
			children = (
				4D08A0A13CBECC1A43D3DD97 /* PulseFlowUITests.swift */,
				10BA754B5EC93CFFE1B72319 /* SourcesFlowUITests.swift */,
			);
			path = GlanceUITests;
			sourceTree = "<group>";
		};
		D9B8D39E9FDDEE9FBCEBEFF4 /* TestFixtures */ = {
			isa = PBXGroup;
			children = (
				73FCEFE840005BDAE6E9BFDC /* raids.json */,
				59C98FF057511D43C9EDD34A /* events.json */,
				8FE05B7D2F09CD7EFD3A9EE2 /* madrid-search.json */,
				15FFE18A5D893CFA93AE65E3 /* repositories.json */,
			);
			path = TestFixtures;
			sourceTree = "<group>";
		};
		F393856C854949D7C2FA7B83 /* GitHub */ = {
			isa = PBXGroup;
			children = (
				A6263EFE1565E274CD9BBE16 /* GitHubModels.swift */,
				F0862D2780839821BE7EB6B1 /* GitHubPipeline.swift */,
				B92DC84F647A42D0148EDD88 /* GitHubHubView.swift */,
				864D49570619C81F73AAA049 /* RepoDetailView.swift */,
			);
			path = GitHub;
			sourceTree = "<group>";
		};
		F48D1B2A0E03685842D608BD /* Glance */ = {
			isa = PBXGroup;
			children = (
				ACA0AB9FFDCB7057438302EF /* App */,
				912CA63D0B9F8BB79753CF7F /* Core */,
				BFD89DB94B351EB0C27CCD65 /* Features */,
				C96E1E2D80C219B311D3B21B /* Settings */,
				FF8C64998CBA4B846369C9DE /* DesignSystem */,
				36354A3F44F12E01FA5C3884 /* Shared */,
				8695F3B7DE33D768EF306398 /* Resources */,
			);
			name = Glance;
			sourceTree = "<group>";
		};
		FEAF5D8F61146446AB2C831A /* Intelligence */ = {
			isa = PBXGroup;
			children = (
				0C95DCBE3D848BDB6C254116 /* Models.swift */,
				85F33B9C1FEF06261744DCCB /* FoundationModelsClient.swift */,
				17C08A5A5D210A84D8CB68D9 /* IntelligenceRouter.swift */,
			);
			path = Intelligence;
			sourceTree = "<group>";
		};
		FF8C64998CBA4B846369C9DE /* DesignSystem */ = {
			isa = PBXGroup;
			children = (
				954888EEB9FC4A982A823CBE /* Theme.swift */,
				33B8021DC59DAC0AAA0673BE /* GlanceBadge.swift */,
				F457B157FC966D801CD62CE1 /* SkeletonView.swift */,
				BE285836ED3E944296D83FED /* PulseDot.swift */,
				A1B2C3D4E5F6A7B8C9D0E1F2 /* Components.swift */,
				E4F5A6B7C8D9E0F1A2B3C4D5 /* CachedAsyncImage.swift */,
			);
			path = DesignSystem;
			sourceTree = "<group>";
		};
/* End PBXGroup section */

/* Begin PBXNativeTarget section */
		9C115EC998B930B54DEFD37A /* Glance */ = {
			isa = PBXNativeTarget;
			buildConfigurationList = DC5E6E969DA98C47E8F4CE2F /* Build configuration list for PBXNativeTarget "Glance" */;
			buildPhases = (
				EBCDFE4FC64A11F71EA4B02E /* Sources */,
				60DEB2AF91C405F192C9B96D /* Frameworks */,
				B93B70209BC7593B52B705B4 /* Resources */,
			);
			buildRules = (
			);
			dependencies = (
			);
			name = Glance;
			productName = Glance;
			productReference = AF278D7F7927A581FE6FFF2F /* Glance.app */;
			productType = "com.apple.product-type.application";
		};
		BC8B3572FB62215A8F4D37A5 /* GlanceUITests */ = {
			isa = PBXNativeTarget;
			buildConfigurationList = BB6A442BE54BDE2F7A7735B6 /* Build configuration list for PBXNativeTarget "GlanceUITests" */;
			buildPhases = (
				3DBB368CD5652076C0E21630 /* Sources */,
				0471141773EDAF68292C20AF /* Frameworks */,
				9EA75E3DAF04AF81F1C9F1CA /* Resources */,
			);
			buildRules = (
			);
			dependencies = (
				A66D3EE752DF786A5C292E5B /* PBXTargetDependency */,
			);
			name = GlanceUITests;
			productName = GlanceUITests;
			productReference = D8BA1856748C178C982EF498 /* GlanceUITests.xctest */;
			productType = "com.apple.product-type.bundle.ui-testing";
		};
		E38B2C8F2D71DCE0F080419C /* GlanceTests */ = {
			isa = PBXNativeTarget;
			buildConfigurationList = 47700EF30EF7DC850412FEF5 /* Build configuration list for PBXNativeTarget "GlanceTests" */;
			buildPhases = (
				15A885ECB27CC8627B5F3B25 /* Sources */,
				4B23EC41686B4143B112090C /* Frameworks */,
				2DDA74C5C4CA581C686F8317 /* Resources */,
			);
			buildRules = (
			);
			dependencies = (
				D1C1803B4C3B15AF7E30FF73 /* PBXTargetDependency */,
			);
			name = GlanceTests;
			productName = GlanceTests;
			productReference = 17414BE8C080C48E8911F337 /* GlanceTests.xctest */;
			productType = "com.apple.product-type.bundle.unit-test";
		};
/* End PBXNativeTarget section */

/* Begin PBXProject section */
		39BD78948D823B64971DAEBF /* Project object */ = {
			isa = PBXProject;
			attributes = {
				BuildIndependentTargetsInParallel = 1;
				LastUpgradeCheck = 2600;
				TargetAttributes = {
					9C115EC998B930B54DEFD37A = {
						CreatedOnToolsVersion = 26.6;
					};
					BC8B3572FB62215A8F4D37A5 = {
						CreatedOnToolsVersion = 26.6;
						TestTargetID = 9C115EC998B930B54DEFD37A;
					};
					E38B2C8F2D71DCE0F080419C = {
						CreatedOnToolsVersion = 26.6;
						TestTargetID = 9C115EC998B930B54DEFD37A;
					};
				};
			};
			buildConfigurationList = 3BCE10E8C437CC9CD5B6ADF7 /* Build configuration list for PBXProject "Glance" */;
			compatibilityVersion = "Xcode 16.0";
			developmentRegion = en;
			hasScannedForEncodings = 0;
			knownRegions = (
				en,
			);
			mainGroup = 864F41568694E06C0FCE73D3 /* GlanceProject */;
			productRefGroup = 5D5C834876DDC7FD5BFB39D0 /* Products */;
			projectDirPath = "";
			projectRoot = "";
			targets = (
				9C115EC998B930B54DEFD37A /* Glance */,
				E38B2C8F2D71DCE0F080419C /* GlanceTests */,
				BC8B3572FB62215A8F4D37A5 /* GlanceUITests */,
			);
		};
/* End PBXProject section */

/* Begin PBXResourcesBuildPhase section */
		2DDA74C5C4CA581C686F8317 /* Resources */ = {
			isa = PBXResourcesBuildPhase;
			buildActionMask = 2147483647;
			files = (
				4480DF96B39661A2011114BD /* raids.json in Resources */,
				43420A37FC0A235A69020B85 /* events.json in Resources */,
				C4F7A91DECC1082A7429B83B /* madrid-search.json in Resources */,
				DE1BF522CA162C01B5B90EC0 /* repositories.json in Resources */,
			);
			runOnlyForDeploymentPostprocessing = 0;
		};
		9EA75E3DAF04AF81F1C9F1CA /* Resources */ = {
			isa = PBXResourcesBuildPhase;
			buildActionMask = 2147483647;
			files = (
			);
			runOnlyForDeploymentPostprocessing = 0;
		};
		B93B70209BC7593B52B705B4 /* Resources */ = {
			isa = PBXResourcesBuildPhase;
			buildActionMask = 2147483647;
			files = (
				0BE13B387270F4520E4FC24E /* Glance.xcassets in Resources */,
				17E43F2670D9DD76CBBE7E74 /* Manrope-Regular.ttf in Resources */,
				2FBA10BD76B3C8E6D5A75FDC /* Manrope-SemiBold.ttf in Resources */,
				C71FD04EB7EE758AF092C4E2 /* Manrope-Bold.ttf in Resources */,
				CBD1DF44CC2583FF724E4AD7 /* Manrope-ExtraBold.ttf in Resources */,
				9279122F2F95E997FB8B8E7D /* HankenGrotesk-Regular.ttf in Resources */,
				5FD49C9004AF5858C3D6E7D3 /* HankenGrotesk-SemiBold.ttf in Resources */,
				2804A8BFF0857B24507ACC2A /* HankenGrotesk-Bold.ttf in Resources */,
			);
			runOnlyForDeploymentPostprocessing = 0;
		};
/* End PBXResourcesBuildPhase section */

/* Begin PBXSourcesBuildPhase section */
		15A885ECB27CC8627B5F3B25 /* Sources */ = {
			isa = PBXSourcesBuildPhase;
			buildActionMask = 2147483647;
			files = (
				1085346A0AD944BC6DFF3E16 /* MadridPipelineTests.swift in Sources */,
				A3999457EEF16025ACBDDBCD /* PoGoPipelineTests.swift in Sources */,
				86F7F32AACE55A180FD274B8 /* GitHubPipelineTests.swift in Sources */,
				2C9E99F71912950A86707C2E /* AiIntelPipelineTests.swift in Sources */,
				47C63C93AFB93383EBBA3EFC /* CacheStoreTests.swift in Sources */,
				645351B4B35C32E3FE95EF0D /* KeychainStoreTests.swift in Sources */,
				34012DCF640F1EAC14E3F416 /* TimeFormatTests.swift in Sources */,
				F5A6B7C8D9E0F1A2B3C4D5E6 /* IntelligenceRouterTests.swift in Sources */,
				B7C8D9E0F1A2B3C4D5E6F7A8 /* CacheTTTests.swift in Sources */,
			);
			runOnlyForDeploymentPostprocessing = 0;
		};
		3DBB368CD5652076C0E21630 /* Sources */ = {
			isa = PBXSourcesBuildPhase;
			buildActionMask = 2147483647;
			files = (
				B8255817BAB3D33F952290D9 /* PulseFlowUITests.swift in Sources */,
				4C7EB67886D3ADF0ACBF5FFF /* SourcesFlowUITests.swift in Sources */,
			);
			runOnlyForDeploymentPostprocessing = 0;
		};
		EBCDFE4FC64A11F71EA4B02E /* Sources */ = {
			isa = PBXSourcesBuildPhase;
			buildActionMask = 2147483647;
			files = (
				2EA56F63353461298074E76E /* GlanceApp.swift in Sources */,
				5185E73DD56F4829173AC42B /* AppState.swift in Sources */,
				58B6F4CDB81BADC61AB95F87 /* ContentView.swift in Sources */,
				95B09C900F96840CD565BDF2 /* CacheEnvelope.swift in Sources */,
				A96986B8A8C94414ED991F21 /* CacheStore.swift in Sources */,
				CB04AF25B8072EB1C93103FF /* KeychainStore.swift in Sources */,
				096DB724932563428E9C79B3 /* ExaClient.swift in Sources */,
				AA11BB22CC33DD44EE55FF77 /* SportsDBClient.swift in Sources */,
				E78A461D3A5B0A1F140AF378 /* GeminiClient.swift in Sources */,
				B77B36E6CC1DE6610C3101A3 /* GitHubClient.swift in Sources */,
				5BA02C670F37712948EB23B7 /* ScrapedDuckClient.swift in Sources */,
				EC388E6180F7AFEFE7A00C77 /* ManagingMadridClient.swift in Sources */,
				89477086D92D8EA1A76A0BEA /* Models.swift in Sources */,
				BC10008C484758547C989AAC /* FoundationModelsClient.swift in Sources */,
				622E00ADE396D949220F11FB /* IntelligenceRouter.swift in Sources */,
				0293474C8BAA89D4AD8F170F /* TimeFormat.swift in Sources */,
				77435D5923D8DE4DD1DFAD14 /* PulseView.swift in Sources */,
				DBDCE775D51C34FDE0D16C20 /* PulseStore.swift in Sources */,
				EDDC18A1BC9900E24D8AD800 /* GlanceCardView.swift in Sources */,
				B3B65B4CB3105DA4D8A53E7B /* MadridModels.swift in Sources */,
				9C8B274933DB7F69389C8C57 /* MadridPipeline.swift in Sources */,
				1CF9807A87AAF6ECEE6C645B /* MadridDateParsing.swift in Sources */,
				D589A9502D12A581CE199D6F /* MadridFixtureParser.swift in Sources */,
				FA080D8C8DBEBE1E0F6C6725 /* MadridHubView.swift in Sources */,
				CA4594EEC28F6837ACDA78F4 /* MadridArticleView.swift in Sources */,
				19E5B4F68F337ED811CBC50C /* PoGoModels.swift in Sources */,
				E9DC9274D7EF30EAFCE6C500 /* PoGoPipeline.swift in Sources */,
				12E679C512844CB0A323646C /* PoGoHubView.swift in Sources */,
				1B7069441A5336A91CE2B6CD /* RaidDetailView.swift in Sources */,
				05D69E71AEAF0796329FCB70 /* EventDetailView.swift in Sources */,
				C055284524085E1696D9864E /* GitHubModels.swift in Sources */,
				E0ACE6FDC5DBB9DA3A878EF0 /* GitHubPipeline.swift in Sources */,
				FD126FB78D62980E618E9470 /* GitHubHubView.swift in Sources */,
				FCE22EADB5AD23EA6857653C /* RepoDetailView.swift in Sources */,
				7C57C7437D4379800D31724E /* AiIntelModels.swift in Sources */,
				A4BD23CA0E1F654CB69F2637 /* AiIntelPipeline.swift in Sources */,
				F6D002212AC3604CA4A5217C /* AiIntelArticleView.swift in Sources */,
				D7E8F9A0B1C2D3E4F5A6B7C8 /* AiIntelHubView.swift in Sources */,
				70C4D04F2D86D901D561200C /* SettingsStore.swift in Sources */,
				0DA71C7319CF6FEF3DDAF056 /* SettingsView.swift in Sources */,
				45FB5BDD7E141CD05BDE5054 /* SourcesView.swift in Sources */,
				FE86DACADCCAC95C40100576 /* Theme.swift in Sources */,
				F92EC9784909D6464A009A36 /* GlanceBadge.swift in Sources */,
				E5CB8D9BFF379C4E8765123A /* SkeletonView.swift in Sources */,
				20C65BD7D4E849F2ABC8E612 /* PulseDot.swift in Sources */,
				F0A1B2C3D4E5F6A7B8C9D0E1 /* Components.swift in Sources */,
				B1C2D3E4F5A6B7C8D9E0F1A2 /* NetworkMonitor.swift in Sources */,
				D3E4F5A6B7C8D9E0F1A2B3C4 /* CachedAsyncImage.swift in Sources */,
				4C5A4447575865357AA90C3A /* Enums.swift in Sources */,
				258D90A7CF4894803C569D75 /* Extensions.swift in Sources */,
			);
			runOnlyForDeploymentPostprocessing = 0;
		};
/* End PBXSourcesBuildPhase section */

/* Begin PBXTargetDependency section */
		A66D3EE752DF786A5C292E5B /* PBXTargetDependency */ = {
			isa = PBXTargetDependency;
			target = 9C115EC998B930B54DEFD37A /* Glance */;
			targetProxy = 63C46A9BB0DE78FCB151833A /* PBXContainerItemProxy */;
		};
		D1C1803B4C3B15AF7E30FF73 /* PBXTargetDependency */ = {
			isa = PBXTargetDependency;
			target = 9C115EC998B930B54DEFD37A /* Glance */;
			targetProxy = 830A1971C1BEFF4714ADEFA5 /* PBXContainerItemProxy */;
		};
/* End PBXTargetDependency section */

/* Begin XCBuildConfiguration section */
		1D5501D9FE70AC65EFBA9EB5 /* Debug */ = {
			isa = XCBuildConfiguration;
			buildSettings = {
				ALWAYS_SEARCH_USER_PATHS = NO;
				CODE_SIGN_STYLE = Automatic;
				CURRENT_PROJECT_VERSION = 1;
				DEVELOPMENT_TEAM = ATIFKHAN;
				GENERATE_INFOPLIST_FILE = YES;
				IPHONEOS_DEPLOYMENT_TARGET = 26.0;
				MARKETING_VERSION = 1.0;
				PRODUCT_BUNDLE_IDENTIFIER = com.atifkhan.glance.GlanceUITests;
				PRODUCT_NAME = GlanceUITests;
				SDKROOT = iphoneos;
				SWIFT_VERSION = 6.0;
				TARGETED_DEVICE_FAMILY = 1;
				TEST_TARGET_NAME = Glance;
			};
			name = Debug;
		};
		81B1A9DDF7CC81850E896919 /* Release */ = {
			isa = XCBuildConfiguration;
			buildSettings = {
				ALWAYS_SEARCH_USER_PATHS = NO;
				CODE_SIGN_STYLE = Automatic;
				CURRENT_PROJECT_VERSION = 1;
				DEVELOPMENT_TEAM = ATIFKHAN;
				GENERATE_INFOPLIST_FILE = YES;
				IPHONEOS_DEPLOYMENT_TARGET = 26.0;
				MARKETING_VERSION = 1.0;
				PRODUCT_BUNDLE_IDENTIFIER = com.atifkhan.glance.GlanceUITests;
				PRODUCT_NAME = GlanceUITests;
				SDKROOT = iphoneos;
				SWIFT_VERSION = 6.0;
				TARGETED_DEVICE_FAMILY = 1;
				TEST_TARGET_NAME = Glance;
			};
			name = Release;
		};
		93FAE12C8CD99E4B068F2279 /* Debug */ = {
			isa = XCBuildConfiguration;
			buildSettings = {
				ALWAYS_SEARCH_USER_PATHS = NO;
				BUNDLE_LOADER = "$(TEST_HOST)";
				CODE_SIGN_STYLE = Automatic;
				CURRENT_PROJECT_VERSION = 1;
				DEFINES_MODULE = YES;
				DEVELOPMENT_TEAM = ATIFKHAN;
				ENABLE_TESTABILITY = YES;
				GENERATE_INFOPLIST_FILE = YES;
				IPHONEOS_DEPLOYMENT_TARGET = 26.0;
				MARKETING_VERSION = 1.0;
				PRODUCT_BUNDLE_IDENTIFIER = com.atifkhan.glance.GlanceTests;
				PRODUCT_NAME = GlanceTests;
				SDKROOT = iphoneos;
				SWIFT_VERSION = 6.0;
				TARGETED_DEVICE_FAMILY = 1;
				TEST_HOST = "$(BUILT_PRODUCTS_DIR)/Glance.app/Glance";
			};
			name = Debug;
		};
		C3071B5DC1D4688253A5E138 /* Debug */ = {
			isa = XCBuildConfiguration;
			buildSettings = {
				ALWAYS_SEARCH_USER_PATHS = NO;
			};
			name = Debug;
		};
		DCE9D49C85372E55169B878C /* Release */ = {
			isa = XCBuildConfiguration;
			buildSettings = {
				ALWAYS_SEARCH_USER_PATHS = NO;
			};
			name = Release;
		};
		EBA9D00E98B9F88829BE702C /* Release */ = {
			isa = XCBuildConfiguration;
			buildSettings = {
				ALWAYS_SEARCH_USER_PATHS = NO;
				ASSETCATALOG_COMPILER_APPICON_NAME = AppIcon;
				ASSETCATALOG_COMPILER_GLOBAL_ACCENT_COLOR_NAME = AccentColor;
				CLANG_ANALYZER_NONNULL = YES;
				CODE_SIGN_STYLE = Automatic;
				CURRENT_PROJECT_VERSION = 1;
				DEFINES_MODULE = YES;
				DEVELOPMENT_TEAM = X75379R3TH;
				ENABLE_PREVIEWS = YES;
				ENABLE_TESTABILITY = YES;
				GENERATE_INFOPLIST_FILE = NO;
				INFOPLIST_FILE = Resources/Info.plist;
				IPHONEOS_DEPLOYMENT_TARGET = 26.0;
				MARKETING_VERSION = 1.0;
				PRODUCT_BUNDLE_IDENTIFIER = com.atifkhan.glance;
				PRODUCT_NAME = Glance;
				SDKROOT = iphoneos;
				SWIFT_VERSION = 6.0;
				TARGETED_DEVICE_FAMILY = 1;
			};
			name = Release;
		};
		F6A5E9F993CB2C918C1388D6 /* Release */ = {
			isa = XCBuildConfiguration;
			buildSettings = {
				ALWAYS_SEARCH_USER_PATHS = NO;
				BUNDLE_LOADER = "$(TEST_HOST)";
				CODE_SIGN_STYLE = Automatic;
				CURRENT_PROJECT_VERSION = 1;
				DEFINES_MODULE = YES;
				DEVELOPMENT_TEAM = ATIFKHAN;
				ENABLE_TESTABILITY = YES;
				GENERATE_INFOPLIST_FILE = YES;
				IPHONEOS_DEPLOYMENT_TARGET = 26.0;
				MARKETING_VERSION = 1.0;
				PRODUCT_BUNDLE_IDENTIFIER = com.atifkhan.glance.GlanceTests;
				PRODUCT_NAME = GlanceTests;
				SDKROOT = iphoneos;
				SWIFT_VERSION = 6.0;
				TARGETED_DEVICE_FAMILY = 1;
				TEST_HOST = "$(BUILT_PRODUCTS_DIR)/Glance.app/Glance";
			};
			name = Release;
		};
		FDB3610FDB32E23C2E588B8E /* Debug */ = {
			isa = XCBuildConfiguration;
			buildSettings = {
				ALWAYS_SEARCH_USER_PATHS = NO;
				ASSETCATALOG_COMPILER_APPICON_NAME = AppIcon;
				ASSETCATALOG_COMPILER_GLOBAL_ACCENT_COLOR_NAME = AccentColor;
				CLANG_ANALYZER_NONNULL = YES;
				CODE_SIGN_STYLE = Automatic;
				CURRENT_PROJECT_VERSION = 1;
				DEFINES_MODULE = YES;
				DEVELOPMENT_TEAM = X75379R3TH;
				ENABLE_PREVIEWS = YES;
				ENABLE_TESTABILITY = YES;
				GENERATE_INFOPLIST_FILE = NO;
				INFOPLIST_FILE = Resources/Info.plist;
				IPHONEOS_DEPLOYMENT_TARGET = 26.0;
				MARKETING_VERSION = 1.0;
				PRODUCT_BUNDLE_IDENTIFIER = com.atifkhan.glance;
				PRODUCT_NAME = Glance;
				SDKROOT = iphoneos;
				SWIFT_VERSION = 6.0;
				TARGETED_DEVICE_FAMILY = 1;
			};
			name = Debug;
		};
/* End XCBuildConfiguration section */

/* Begin XCConfigurationList section */
		3BCE10E8C437CC9CD5B6ADF7 /* Build configuration list for PBXProject "Glance" */ = {
			isa = XCConfigurationList;
			buildConfigurations = (
				C3071B5DC1D4688253A5E138 /* Debug */,
				DCE9D49C85372E55169B878C /* Release */,
			);
			defaultConfigurationIsVisible = 0;
			defaultConfigurationName = Release;
		};
		47700EF30EF7DC850412FEF5 /* Build configuration list for PBXNativeTarget "GlanceTests" */ = {
			isa = XCConfigurationList;
			buildConfigurations = (
				93FAE12C8CD99E4B068F2279 /* Debug */,
				F6A5E9F993CB2C918C1388D6 /* Release */,
			);
			defaultConfigurationIsVisible = 0;
			defaultConfigurationName = Release;
		};
		BB6A442BE54BDE2F7A7735B6 /* Build configuration list for PBXNativeTarget "GlanceUITests" */ = {
			isa = XCConfigurationList;
			buildConfigurations = (
				1D5501D9FE70AC65EFBA9EB5 /* Debug */,
				81B1A9DDF7CC81850E896919 /* Release */,
			);
			defaultConfigurationIsVisible = 0;
			defaultConfigurationName = Release;
		};
		DC5E6E969DA98C47E8F4CE2F /* Build configuration list for PBXNativeTarget "Glance" */ = {
			isa = XCConfigurationList;
			buildConfigurations = (
				FDB3610FDB32E23C2E588B8E /* Debug */,
				EBA9D00E98B9F88829BE702C /* Release */,
			);
			defaultConfigurationIsVisible = 0;
			defaultConfigurationName = Release;
		};
/* End XCConfigurationList section */
	};
	rootObject = 39BD78948D823B64971DAEBF /* Project object */;
}
